// !$*UTF8*$!
{
	archiveVersion = 1;
	classes = {
	};
	objectVersion = 77;
	objects = {

/* Begin PBXBuildFile section */
		01A6460B057DC868BBCB7E3B /* FreeEditionPopoverTests.swift in Sources */ = {isa = PBXBuildFile; fileRef = 412FAE1848F7AE48AD20C030 /* FreeEditionPopoverTests.swift */; };
		01A6D704DC3678F59BEE0232 /* ArrowKeyTranslator.swift in Sources */ = {isa = PBXBuildFile; fileRef = 8D76A85C86CFA1CEFA58915D /* ArrowKeyTranslator.swift */; };
		04B23D46ED2398168310E343 /* Sparkle in Frameworks */ = {isa = PBXBuildFile; productRef = 120041D50B70899FF05F7C9D /* Sparkle */; };
		062CAE11F0FE4F2E98C8C70B /* FeedbackViewModel.swift in Sources */ = {isa = PBXBuildFile; fileRef = 871B6891D66B1771C9F60B48 /* FeedbackViewModel.swift */; };
		084FAE69514FD8C7EEB9000A /* HUDCenterCapView.swift in Sources */ = {isa = PBXBuildFile; fileRef = DBCF8FF6DD6D5C745B73A6D3 /* HUDCenterCapView.swift */; };
		08725A37A3171E8C9E1D442D /* KnobCircleView.swift in Sources */ = {isa = PBXBuildFile; fileRef = 73263D014AF58E4418641B4A /* KnobCircleView.swift */; };
		09897705C0C8B7D06DC6EDEE /* UpdateManager.swift in Sources */ = {isa = PBXBuildFile; fileRef = ADEDDC2B2FB1885EA5CB8219 /* UpdateManager.swift */; };
		0AA30BEBD46B8735AC01ABD9 /* HUDCircleButton.swift in Sources */ = {isa = PBXBuildFile; fileRef = AAEDF01CC72784BA849E0EC9 /* HUDCircleButton.swift */; };
		0B4CB2CFBA892E1561B96459 /* TutorialViewModelTests.swift in Sources */ = {isa = PBXBuildFile; fileRef = AB1E79FB5B05E4BFDD848CF1 /* TutorialViewModelTests.swift */; };
		0E88544EEEAF7D4393B061CF /* logic-pro.json in Resources */ = {isa = PBXBuildFile; fileRef = BECCD01545240799A9A54A67 /* logic-pro.json */; };
		11773EAFC6B78B7FA36DC367 /* HUDPointerView.swift in Sources */ = {isa = PBXBuildFile; fileRef = 70539DF072A069399F9C2F2A /* HUDPointerView.swift */; };
		14DB691751749602FCF6E778 /* AnimationPersistenceReproTests.swift in Sources */ = {isa = PBXBuildFile; fileRef = 038D5EEE3B0DE096CC012769 /* AnimationPersistenceReproTests.swift */; };
		16B8B75B6244747BE3B83458 /* KnobPanelViewModel.swift in Sources */ = {isa = PBXBuildFile; fileRef = AC69641B463FC61F6329B1B1 /* KnobPanelViewModel.swift */; };
		1773A3A108295DAA417DD1A7 /* KnobPanelView.swift in Sources */ = {isa = PBXBuildFile; fileRef = DEAF87A6073EE6800820C8A8 /* KnobPanelView.swift */; };
		19EAA3A782F956431C311D9F /* ScaleResolver.swift in Sources */ = {isa = PBXBuildFile; fileRef = BB013A64BA258E0802863E95 /* ScaleResolver.swift */; };
		1B833E47FC301698FCD565E1 /* UserGuideViewModelTests.swift in Sources */ = {isa = PBXBuildFile; fileRef = 91C4863C27548F454AFB0D80 /* UserGuideViewModelTests.swift */; };
		1C808A46E3A523A077DD53B0 /* KnobPanelWindowControllerTests.swift in Sources */ = {isa = PBXBuildFile; fileRef = 2002FF819A681E0345379B26 /* KnobPanelWindowControllerTests.swift */; };
		1CBB74B8B69D4E783A5E35D7 /* KnobConfig.swift in Sources */ = {isa = PBXBuildFile; fileRef = 8F51560070628B8DF33A8693 /* KnobConfig.swift */; };
		23607933B5AA7C20C5DD6FA2 /* UserGuideViewModel.swift in Sources */ = {isa = PBXBuildFile; fileRef = B4F69A27EBAEC2C12A6B2F0D /* UserGuideViewModel.swift */; };
		27EED49ED490800EA0FC1A6E /* OverlayControllerTests.swift in Sources */ = {isa = PBXBuildFile; fileRef = 1AE54ECD0C705E6ED8E5CCA5 /* OverlayControllerTests.swift */; };
		2B63AE1FF3FF26366FCE53A6 /* SkinPackager.swift in Sources */ = {isa = PBXBuildFile; fileRef = B5C0A6CA8592C5DEE68B94A5 /* SkinPackager.swift */; };
		2C795AAE6FD6761A192DF9B9 /* LicenseManager.swift in Sources */ = {isa = PBXBuildFile; fileRef = 33E0AF95038612DA34DA2759 /* LicenseManager.swift */; };
		2C9B5146B062FB1B035278C0 /* OverlayController.swift in Sources */ = {isa = PBXBuildFile; fileRef = 14058306126BA0F12A966584 /* OverlayController.swift */; };
		2E1279868AA8F928C0F4538A /* KnobGlobalState.swift in Sources */ = {isa = PBXBuildFile; fileRef = E8C4C81CBF98264E7686C45B /* KnobGlobalState.swift */; };
		2E5E69A3A010696CE124CDA8 /* DisplayBrightnessService.swift in Sources */ = {isa = PBXBuildFile; fileRef = BC6423248EA5723E80A08AEA /* DisplayBrightnessService.swift */; };
		31CDCB6AAB2A916EB1382526 /* DockIconManager.swift in Sources */ = {isa = PBXBuildFile; fileRef = 601C074E4660383A42DB512A /* DockIconManager.swift */; };
		33971F76665F69DB98FCFF5C /* InputTranslator.swift in Sources */ = {isa = PBXBuildFile; fileRef = C955EF152C23C292A17B7F8A /* InputTranslator.swift */; };
		367F55A8914856016C59C71D /* TargetDetector.swift in Sources */ = {isa = PBXBuildFile; fileRef = DBFB470A7453374CC4862FD7 /* TargetDetector.swift */; };
		37B5CCF456D3EE1E46375088 /* KnobAlgorithmTests.swift in Sources */ = {isa = PBXBuildFile; fileRef = F964BA6FE16412CB6FD87DD5 /* KnobAlgorithmTests.swift */; };
		3CEAEA6B69FAADDF376619A1 /* HUDNotchPinsView.swift in Sources */ = {isa = PBXBuildFile; fileRef = AAA7F28EDCDFAC25D81EE92E /* HUDNotchPinsView.swift */; };
		3FB0F3DF98F70D7EA4C3BC43 /* HardwareDetectorTests.swift in Sources */ = {isa = PBXBuildFile; fileRef = 51364924F0E2014B875F13CA /* HardwareDetectorTests.swift */; };
		420339FEBDE051C4655DC2FE /* PhantomKnobApp.swift in Sources */ = {isa = PBXBuildFile; fileRef = 3143B43E9BB98963B310B6D1 /* PhantomKnobApp.swift */; };
		449EC338A0B183A0DDC8D266 /* HUDGaugeView.swift in Sources */ = {isa = PBXBuildFile; fileRef = 46ACDD2262ECEE8A2CA8D5F8 /* HUDGaugeView.swift */; };
		467E33FB2518EA0F2030ECD0 /* AppSettings.swift in Sources */ = {isa = PBXBuildFile; fileRef = 5FE64900D039A90EF7F38282 /* AppSettings.swift */; };
		46905D868F84074B17794338 /* CustomKnobTests.swift in Sources */ = {isa = PBXBuildFile; fileRef = 8C9B369B5463055B638A95E6 /* CustomKnobTests.swift */; };
		48372952AC769B19FEF10F52 /* Sentry in Frameworks */ = {isa = PBXBuildFile; productRef = 7EC1E3D674732B23AAA3D06E /* Sentry */; };
		485B7A4425C6798EEE0CC2FD /* ReleaseNotesTests.swift in Sources */ = {isa = PBXBuildFile; fileRef = 008F94919E0680E4A58515E0 /* ReleaseNotesTests.swift */; };
		4F12C029F2E542B599ADF3C4 /* AppLanguageManager.swift in Sources */ = {isa = PBXBuildFile; fileRef = E2CDEC7A8A488C0D2A64D6AA /* AppLanguageManager.swift */; };
		5469DDF8E41720D5D140AC2C /* KnobPanelViewModelTests.swift in Sources */ = {isa = PBXBuildFile; fileRef = E22B8A0EEE9ADDE36EBD680C /* KnobPanelViewModelTests.swift */; };
		558A3C01798DAA56EDD11A94 /* release-notes.json in Resources */ = {isa = PBXBuildFile; fileRef = 81AB9DF6DBD27B74032E57BA /* release-notes.json */; };
		55F5DCD9ECDD28004DFEA03A /* SettingsView.swift in Sources */ = {isa = PBXBuildFile; fileRef = F265AA267220CC6CEE2B9C1A /* SettingsView.swift */; };
		571F5529C50E62928537397D /* LicenseManagerTests.swift in Sources */ = {isa = PBXBuildFile; fileRef = 7D92127E9E33E2068C39C6D2 /* LicenseManagerTests.swift */; };
		5B0159A542CFECBEC84D42F7 /* MultitouchManager.swift in Sources */ = {isa = PBXBuildFile; fileRef = 88FC4C75EA72D359CF88C0F5 /* MultitouchManager.swift */; };
		5CA6B4775FA6E741161BDF28 /* ReleaseNotesView.swift in Sources */ = {isa = PBXBuildFile; fileRef = 8120D28F7EC33A9A5859F62D /* ReleaseNotesView.swift */; };
		60B60A23F326C915CAD358D9 /* LicenseWindowController.swift in Sources */ = {isa = PBXBuildFile; fileRef = 55D5781638B8E5EA70E50E42 /* LicenseWindowController.swift */; };
		63E525A54A0379329A2409D4 /* KnobGlobalStateTests.swift in Sources */ = {isa = PBXBuildFile; fileRef = 1F1EC8639129B1EA4015970A /* KnobGlobalStateTests.swift */; };
		64E96268979C737D5F2DC31B /* HUDCustomImageView.swift in Sources */ = {isa = PBXBuildFile; fileRef = 2E65F22EC23449DC6E277829 /* HUDCustomImageView.swift */; };
		653633D5D245EA1DADC1FDD8 /* KnobCustomizationTriggerTests.swift in Sources */ = {isa = PBXBuildFile; fileRef = 36DB066BD45933FF9EFDD35B /* KnobCustomizationTriggerTests.swift */; };
		6601A04840368F8159930AC6 /* FeedbackWindowControllerTests.swift in Sources */ = {isa = PBXBuildFile; fileRef = BCDFF9894EB54405B1C21A8A /* FeedbackWindowControllerTests.swift */; };
		69196DF1790F7953D566EC24 /* SystemServicesTests.swift in Sources */ = {isa = PBXBuildFile; fileRef = 92F9A87164F5EE435A917D0A /* SystemServicesTests.swift */; };
		69ADBB25CB52137C3AA7B93E /* HUDSkinManager.swift in Sources */ = {isa = PBXBuildFile; fileRef = 6898B85FD6B44DE6E7481AF1 /* HUDSkinManager.swift */; };
		6A1DF635D87D8391F5225929 /* UserDefaults+App.swift in Sources */ = {isa = PBXBuildFile; fileRef = D0FA9731707F828DF8131590 /* UserDefaults+App.swift */; };
		6A9ED4B9776BDB0D8253547F /* Localizable.xcstrings in Resources */ = {isa = PBXBuildFile; fileRef = E07393EBAB5C633F4A79E498 /* Localizable.xcstrings */; };
		6D99BA3F54A87A56FC3699DF /* StatusBarController.swift in Sources */ = {isa = PBXBuildFile; fileRef = 54A9695AB9CEBBCE4394ED8C /* StatusBarController.swift */; };
		6EAC9E4505DE134DE07E396F /* LaunchAtLoginService.swift in Sources */ = {isa = PBXBuildFile; fileRef = AA7057B1B8B0E62D649010B4 /* LaunchAtLoginService.swift */; };
		6F5B0DC1315ACDC1E42395AB /* FeedbackWindowController.swift in Sources */ = {isa = PBXBuildFile; fileRef = 99A3EDAD584AA491A81A6988 /* FeedbackWindowController.swift */; };
		72BBB09FF3E8FEA2355A6ECA /* Assets.xcassets in Resources */ = {isa = PBXBuildFile; fileRef = 831481C7139BDC5517BEF2FC /* Assets.xcassets */; };
		73535C7231C6DCFB956DBB0F /* RotationDirection.swift in Sources */ = {isa = PBXBuildFile; fileRef = DEE2E4031E90F1B450E1D5CD /* RotationDirection.swift */; };
		782BBECA7771215D3AC55E1D /* InputTranslationTests.swift in Sources */ = {isa = PBXBuildFile; fileRef = 3A4B06F414ECD11ECEC6940A /* InputTranslationTests.swift */; };
		784FB62A003737F37BEE19B9 /* UserGuideWindowController.swift in Sources */ = {isa = PBXBuildFile; fileRef = CAA6A832C57BD30CB7D46484 /* UserGuideWindowController.swift */; };
		7A954A9E33A7C2E31D9A29DE /* HUDBackdropView.swift in Sources */ = {isa = PBXBuildFile; fileRef = EF4E00FEE56575AC0CAE0FEF /* HUDBackdropView.swift */; };
		7BFFB745C067E91F8395B361 /* DemoSliderTarget.swift in Sources */ = {isa = PBXBuildFile; fileRef = B83D8874A40287B9C9842B36 /* DemoSliderTarget.swift */; };
		7D7BA2ED5031E27BCAF0FDBA /* KnobCore.swift in Sources */ = {isa = PBXBuildFile; fileRef = CF3EA0C61599821948945AC9 /* KnobCore.swift */; };
		7DB32B2238EE8013B37D1C8F /* AudioControlService.swift in Sources */ = {isa = PBXBuildFile; fileRef = FC25D2DC3A258F173AB3BD8C /* AudioControlService.swift */; };
		7E3E2D338ACCE6980F6E380A /* KnobAlgorithm.swift in Sources */ = {isa = PBXBuildFile; fileRef = 18CF154D12272E6CFC5DC7EB /* KnobAlgorithm.swift */; };
		7E88A5B26CC52AA53A804A1D /* ScaleConfigCompatibilityTests.swift in Sources */ = {isa = PBXBuildFile; fileRef = D0CE04E54BEF9716B0636963 /* ScaleConfigCompatibilityTests.swift */; };
		7F250377D28C8E1DB2764610 /* HotkeySettingsTests.swift in Sources */ = {isa = PBXBuildFile; fileRef = 8771BC1033CA41840E19A7B4 /* HotkeySettingsTests.swift */; };
		81C54DE6F0BD0486FBBF80CA /* TargetDetectorTests.swift in Sources */ = {isa = PBXBuildFile; fileRef = 7DEE11CE4A241D8E09F06FE1 /* TargetDetectorTests.swift */; };
		81F2439302887B6F9793246C /* HardwareDetector.swift in Sources */ = {isa = PBXBuildFile; fileRef = 7B27631751EBC87B7FFAE2A9 /* HardwareDetector.swift */; };
		82BBAB63D2E9D62FDE90805C /* DetectedTarget.swift in Sources */ = {isa = PBXBuildFile; fileRef = 12D7CC02AB1BBA3A5A2140E7 /* DetectedTarget.swift */; };
		85DCF281E08D26D7408AF5AB /* HotkeySettings.swift in Sources */ = {isa = PBXBuildFile; fileRef = 2CC77959DB4C1B4AC99F89BA /* HotkeySettings.swift */; };
		86B5FBD17C12E7D00F0BC8AE /* ScrollWheelTranslator.swift in Sources */ = {isa = PBXBuildFile; fileRef = 16E9AB06D406D93054769DF3 /* ScrollWheelTranslator.swift */; };
		8709702086B8BB5985D89015 /* TelemetryClient in Frameworks */ = {isa = PBXBuildFile; productRef = 515DFC2872049E3CF20CE6AB /* TelemetryClient */; };
		8719DFCECA87671EB3BB1382 /* KnobCustomizer.swift in Sources */ = {isa = PBXBuildFile; fileRef = 7FC033D8EFF916E61230512B /* KnobCustomizer.swift */; };
		89CC4DDB76C47724BEEF1BC0 /* JSONCParserTests.swift in Sources */ = {isa = PBXBuildFile; fileRef = B2DD05C13BC59773FD98055F /* JSONCParserTests.swift */; };
		8CC5803134336AEC78F42B6E /* KnobPanelWindowController.swift in Sources */ = {isa = PBXBuildFile; fileRef = C6409308252718581F95D9CD /* KnobPanelWindowController.swift */; };
		902EC63E52F49D3E5B847DA4 /* SettingsWindowLanguageSwitchTests.swift in Sources */ = {isa = PBXBuildFile; fileRef = 06647F6206A3372DFA8E0D5B /* SettingsWindowLanguageSwitchTests.swift */; };
		9044A2156D769089977CB93F /* FeedbackViewModelTests.swift in Sources */ = {isa = PBXBuildFile; fileRef = 24602BE1862C7BFB5F05AFB2 /* FeedbackViewModelTests.swift */; };
		91BA023F6642C406A78AE521 /* Logger+Extensions.swift in Sources */ = {isa = PBXBuildFile; fileRef = 9785379F4C1295E57267D2BC /* Logger+Extensions.swift */; };
		92A07B9D8857FFC3528F0A0A /* final-cut-pro.json in Resources */ = {isa = PBXBuildFile; fileRef = BD6585BAA9CD7820FC6E16DC /* final-cut-pro.json */; };
		9370546A95618B48796AE620 /* davinci-resolve.json in Resources */ = {isa = PBXBuildFile; fileRef = 0960371388A77DEDB4D452D5 /* davinci-resolve.json */; };
		9517D0F648E2CE11D3436865 /* DemoViewModel.swift in Sources */ = {isa = PBXBuildFile; fileRef = 33997C526CE3C79D79F6AC92 /* DemoViewModel.swift */; };
		97D55EA78F60F8DEB1A95D4B /* CustomizerHUDView.swift in Sources */ = {isa = PBXBuildFile; fileRef = 43ABFB23BDFDF56174133BB8 /* CustomizerHUDView.swift */; };
		9925F34855238AC2A1877858 /* CloudSyncManagerTests.swift in Sources */ = {isa = PBXBuildFile; fileRef = 29618E44B78DFC05E3D4E562 /* CloudSyncManagerTests.swift */; };
		9BD67FBCDAD45F5056D4F77D /* KnobPanelNotificationTests.swift in Sources */ = {isa = PBXBuildFile; fileRef = DB40B42C0370CE2503669AC4 /* KnobPanelNotificationTests.swift */; };
		9BEEF8B34F519B37BCB30F5E /* DesignSystem.swift in Sources */ = {isa = PBXBuildFile; fileRef = 4339B35F28D56220AFFFE149 /* DesignSystem.swift */; };
		9D43C46E67005EC6776B824E /* TouchpadView.swift in Sources */ = {isa = PBXBuildFile; fileRef = D2B499ACF164A9451B0AAD1C /* TouchpadView.swift */; };
		9E21ED3BDDB126A6A6905E2C /* AppSettingsTests.swift in Sources */ = {isa = PBXBuildFile; fileRef = 7276B847C3350CE8E5BEE90C /* AppSettingsTests.swift */; };
		9F4C5719CF0BE0C6FFA610B6 /* AXWriteTranslator.swift in Sources */ = {isa = PBXBuildFile; fileRef = 899D86B28252691F994F0E31 /* AXWriteTranslator.swift */; };
		A38B959FF5766B28C2C00BE4 /* URLSchemeHandler.swift in Sources */ = {isa = PBXBuildFile; fileRef = F80C2FABCDBC109AD23D3BC9 /* URLSchemeHandler.swift */; };
		A488FB9A185767D4438E3149 /* HotkeyRecorderView.swift in Sources */ = {isa = PBXBuildFile; fileRef = 3A9240AE6F39B5A430780022 /* HotkeyRecorderView.swift */; };
		A58333C3C51D7ECE8BC8B514 /* AnalyticsManager.swift in Sources */ = {isa = PBXBuildFile; fileRef = CC5C8E0A0350FB712070D82F /* AnalyticsManager.swift */; };
		A7BB68C738FBEE344BF85507 /* LocalizationTests.swift in Sources */ = {isa = PBXBuildFile; fileRef = AAC3304255CD286857823144 /* LocalizationTests.swift */; };
		B0BAF899FEBBC2AEB0F09C7F /* AppLanguageManagerTests.swift in Sources */ = {isa = PBXBuildFile; fileRef = 58A77841598587C200D25FBF /* AppLanguageManagerTests.swift */; };
		B6179261B0E38B3142846932 /* FeedbackView.swift in Sources */ = {isa = PBXBuildFile; fileRef = 0EA23DA88C2F6EE073458569 /* FeedbackView.swift */; };
		B68DF231AC772689CF2A5ACC /* TutorialView.swift in Sources */ = {isa = PBXBuildFile; fileRef = E77D21A367DF26814BDB1966 /* TutorialView.swift */; };
		B94BA13F948C499CB5120913 /* TouchpadEngine.swift in Sources */ = {isa = PBXBuildFile; fileRef = 165D5400DF747E8DCDF6022A /* TouchpadEngine.swift */; };
		BEB79FC6392FC3B4644B4EE2 /* KnobLiftoffFilterTests.swift in Sources */ = {isa = PBXBuildFile; fileRef = 7B8FC8A23B8E266E5FD91598 /* KnobLiftoffFilterTests.swift */; };
		BF29018F2C89BA7835834BC7 /* GestureClassifierTests.swift in Sources */ = {isa = PBXBuildFile; fileRef = 78D28F4DF30A624A89581773 /* GestureClassifierTests.swift */; };
		BF3A2BE915460ACE86D07110 /* URLSchemeHandlerTests.swift in Sources */ = {isa = PBXBuildFile; fileRef = BFD76C8F55D149872824073D /* URLSchemeHandlerTests.swift */; };
		C1924A716500C36850538745 /* HUDValueBadgeView.swift in Sources */ = {isa = PBXBuildFile; fileRef = DB64D19BFD5B900927911DDE /* HUDValueBadgeView.swift */; };
		C38EB6989296E836A2B30500 /* KnobStateManager.swift in Sources */ = {isa = PBXBuildFile; fileRef = C2DFFD9D9201775F76B3B8DB /* KnobStateManager.swift */; };
		C463D598377098DC39E1C197 /* FeatureGateTests.swift in Sources */ = {isa = PBXBuildFile; fileRef = 150138859D28698EB07164B3 /* FeatureGateTests.swift */; };
		C6A93D4A134FE1463D14477E /* KnobStateManagerFeatureGateTests.swift in Sources */ = {isa = PBXBuildFile; fileRef = B7A95D534D2BC56D0EEAAA4C /* KnobStateManagerFeatureGateTests.swift */; };
		C8DE49C153610D4D4D4A3098 /* GestureClassifier.swift in Sources */ = {isa = PBXBuildFile; fileRef = 28B15AA0918B5B487EAD25BC /* GestureClassifier.swift */; };
		C9F6F3BCA2F7399BE23BDD76 /* GestureConflictTests.swift in Sources */ = {isa = PBXBuildFile; fileRef = 0704C959B2850EE4DF5B9648 /* GestureConflictTests.swift */; };
		D263B739342BEC17C2AAFDB3 /* SettingsWindowController.swift in Sources */ = {isa = PBXBuildFile; fileRef = C4DECA527A57B3E32B400EF2 /* SettingsWindowController.swift */; };
		D61FAFC54E4662475B43B82E /* KnobState.swift in Sources */ = {isa = PBXBuildFile; fileRef = 0279BBA53DE238B7A49EE6A6 /* KnobState.swift */; };
		D8EDE11220DF5C7F6A758198 /* InputTranslation.swift in Sources */ = {isa = PBXBuildFile; fileRef = 8776E7B99B66A818472F3AD2 /* InputTranslation.swift */; };
		D9AA75CFB01B353867490AC0 /* CustomMultiplierTests.swift in Sources */ = {isa = PBXBuildFile; fileRef = C3A6310E035C008390D7FC8E /* CustomMultiplierTests.swift */; };
		DA239AC64B92C952567FFAC8 /* OverlayView.swift in Sources */ = {isa = PBXBuildFile; fileRef = 79E59D5E06F5866BA93B2D8A /* OverlayView.swift */; };
		DC2B4AA5E994D2297C79C88C /* HUDSkinTests.swift in Sources */ = {isa = PBXBuildFile; fileRef = E027B90B3BEB8EED7452722D /* HUDSkinTests.swift */; };
		DE0F2BE6ED105BC5D4D419A7 /* HUDSkin.swift in Sources */ = {isa = PBXBuildFile; fileRef = 00FE8BDCFAAC5ADF8A71C0C0 /* HUDSkin.swift */; };
		E0F19BAF580103A3FF1CAF03 /* UserGuideView.swift in Sources */ = {isa = PBXBuildFile; fileRef = 89B82F5973F1273CE4101B2F /* UserGuideView.swift */; };
		E24DD72C05AEA88624D595F4 /* KeyboardBacklightService.swift in Sources */ = {isa = PBXBuildFile; fileRef = 131BC13BA4105812935DB9AD /* KeyboardBacklightService.swift */; };
		E265FDAE703BEA6D8F2F4F7C /* FreeEditionPopoverView.swift in Sources */ = {isa = PBXBuildFile; fileRef = 2EDCD49016D1A239A70723C1 /* FreeEditionPopoverView.swift */; };
		E3B301B86DE777C9EA25FA70 /* CustomizerHUDWindowController.swift in Sources */ = {isa = PBXBuildFile; fileRef = 8FAD6E788B87835867469C3F /* CustomizerHUDWindowController.swift */; };
		E4C8421FCF9EB7D4170299AC /* KnobActiveStatePersistenceTests.swift in Sources */ = {isa = PBXBuildFile; fileRef = 48E18C6A6F3A671623538EE2 /* KnobActiveStatePersistenceTests.swift */; };
		E5D78096C3FE0AF7509E0164 /* LicenseState.swift in Sources */ = {isa = PBXBuildFile; fileRef = 0DFF6C161024FEAF9EB3124E /* LicenseState.swift */; };
		E7319043FD2CA4D8536CC9C9 /* FeatureGate.swift in Sources */ = {isa = PBXBuildFile; fileRef = E927BFD011FA7F408A75D99D /* FeatureGate.swift */; };
		E7C2CC248FA8B020075B0254 /* ReleaseNotesController.swift in Sources */ = {isa = PBXBuildFile; fileRef = A0F3BECF18F2E9EF5F8CA348 /* ReleaseNotesController.swift */; };
		EA6A77CCD1BA63EAFAE99002 /* DemoSliderTargetTests.swift in Sources */ = {isa = PBXBuildFile; fileRef = A31EB983132648BE5B011996 /* DemoSliderTargetTests.swift */; };
		EF138900E1C6F71B57127BE9 /* GlobalTouchHandler.swift in Sources */ = {isa = PBXBuildFile; fileRef = 0BD747C9F6DC171899EA02CC /* GlobalTouchHandler.swift */; };
		EF577467CFBE5D345B9A45E3 /* LicenseTests.swift in Sources */ = {isa = PBXBuildFile; fileRef = 8CC5ECEF8259B4A6171B21ED /* LicenseTests.swift */; };
		F09B237B76EFFC7354670135 /* HUDTextureOverlayView.swift in Sources */ = {isa = PBXBuildFile; fileRef = AC952ED93FAAC5A095087D3A /* HUDTextureOverlayView.swift */; };
		F11E3F872A077A8F3BE8ABFE /* ScaleResolverTests.swift in Sources */ = {isa = PBXBuildFile; fileRef = FF51B47DC27F97A4D1FB480E /* ScaleResolverTests.swift */; };
		F189AED084A6C171BCAB2E3A /* LicenseWindowView.swift in Sources */ = {isa = PBXBuildFile; fileRef = 7BD5669077078D4613919CA9 /* LicenseWindowView.swift */; };
		F1A5BD84BB7445DD7F1D9DB7 /* StatusBarControllerTests.swift in Sources */ = {isa = PBXBuildFile; fileRef = E0A1ECB7826EEE6AA49E8BF1 /* StatusBarControllerTests.swift */; };
		FCD6CEE952DDCB62D6405CA0 /* ModelTests.swift in Sources */ = {isa = PBXBuildFile; fileRef = F09176C4330342A99B8E6D12 /* ModelTests.swift */; };
		FE4A74E8FCD7767DE8CF1CCB /* CloudSyncManager.swift in Sources */ = {isa = PBXBuildFile; fileRef = 1D501667239AF8D006C21DF8 /* CloudSyncManager.swift */; };
		FEE46F29785B361A5031F4DB /* KnobCustomizerTests.swift in Sources */ = {isa = PBXBuildFile; fileRef = D294D0E8BC84017A0F384350 /* KnobCustomizerTests.swift */; };
/* End PBXBuildFile section */

/* Begin PBXContainerItemProxy section */
		9D8579449157F7428A93A146 /* PBXContainerItemProxy */ = {
			isa = PBXContainerItemProxy;
			containerPortal = B10F9B6433F5F844F0C50F0F /* Project object */;
			proxyType = 1;
			remoteGlobalIDString = 609BE1C03A51F470FDB98841;
			remoteInfo = PhantomKnob;
		};
/* End PBXContainerItemProxy section */

/* Begin PBXFileReference section */
		008F94919E0680E4A58515E0 /* ReleaseNotesTests.swift */ = {isa = PBXFileReference; lastKnownFileType = sourcecode.swift; path = ReleaseNotesTests.swift; sourceTree = "<group>"; };
		00FE8BDCFAAC5ADF8A71C0C0 /* HUDSkin.swift */ = {isa = PBXFileReference; lastKnownFileType = sourcecode.swift; path = HUDSkin.swift; sourceTree = "<group>"; };
		0279BBA53DE238B7A49EE6A6 /* KnobState.swift */ = {isa = PBXFileReference; lastKnownFileType = sourcecode.swift; path = KnobState.swift; sourceTree = "<group>"; };
		038D5EEE3B0DE096CC012769 /* AnimationPersistenceReproTests.swift */ = {isa = PBXFileReference; lastKnownFileType = sourcecode.swift; path = AnimationPersistenceReproTests.swift; sourceTree = "<group>"; };
		06647F6206A3372DFA8E0D5B /* SettingsWindowLanguageSwitchTests.swift */ = {isa = PBXFileReference; lastKnownFileType = sourcecode.swift; path = SettingsWindowLanguageSwitchTests.swift; sourceTree = "<group>"; };
		0704C959B2850EE4DF5B9648 /* GestureConflictTests.swift */ = {isa = PBXFileReference; lastKnownFileType = sourcecode.swift; path = GestureConflictTests.swift; sourceTree = "<group>"; };
		0960371388A77DEDB4D452D5 /* davinci-resolve.json */ = {isa = PBXFileReference; lastKnownFileType = text.json; path = "davinci-resolve.json"; sourceTree = "<group>"; };
		0BD747C9F6DC171899EA02CC /* GlobalTouchHandler.swift */ = {isa = PBXFileReference; lastKnownFileType = sourcecode.swift; path = GlobalTouchHandler.swift; sourceTree = "<group>"; };
		0DFF6C161024FEAF9EB3124E /* LicenseState.swift */ = {isa = PBXFileReference; lastKnownFileType = sourcecode.swift; path = LicenseState.swift; sourceTree = "<group>"; };
		0EA23DA88C2F6EE073458569 /* FeedbackView.swift */ = {isa = PBXFileReference; lastKnownFileType = sourcecode.swift; path = FeedbackView.swift; sourceTree = "<group>"; };
		12D7CC02AB1BBA3A5A2140E7 /* DetectedTarget.swift */ = {isa = PBXFileReference; lastKnownFileType = sourcecode.swift; path = DetectedTarget.swift; sourceTree = "<group>"; };
		131BC13BA4105812935DB9AD /* KeyboardBacklightService.swift */ = {isa = PBXFileReference; lastKnownFileType = sourcecode.swift; path = KeyboardBacklightService.swift; sourceTree = "<group>"; };
		14058306126BA0F12A966584 /* OverlayController.swift */ = {isa = PBXFileReference; lastKnownFileType = sourcecode.swift; path = OverlayController.swift; sourceTree = "<group>"; };
		150138859D28698EB07164B3 /* FeatureGateTests.swift */ = {isa = PBXFileReference; lastKnownFileType = sourcecode.swift; path = FeatureGateTests.swift; sourceTree = "<group>"; };
		165D5400DF747E8DCDF6022A /* TouchpadEngine.swift */ = {isa = PBXFileReference; lastKnownFileType = sourcecode.swift; path = TouchpadEngine.swift; sourceTree = "<group>"; };
		16E9AB06D406D93054769DF3 /* ScrollWheelTranslator.swift */ = {isa = PBXFileReference; lastKnownFileType = sourcecode.swift; path = ScrollWheelTranslator.swift; sourceTree = "<group>"; };
		18CF154D12272E6CFC5DC7EB /* KnobAlgorithm.swift */ = {isa = PBXFileReference; lastKnownFileType = sourcecode.swift; path = KnobAlgorithm.swift; sourceTree = "<group>"; };
		1AE54ECD0C705E6ED8E5CCA5 /* OverlayControllerTests.swift */ = {isa = PBXFileReference; lastKnownFileType = sourcecode.swift; path = OverlayControllerTests.swift; sourceTree = "<group>"; };
		1D501667239AF8D006C21DF8 /* CloudSyncManager.swift */ = {isa = PBXFileReference; lastKnownFileType = sourcecode.swift; path = CloudSyncManager.swift; sourceTree = "<group>"; };
		1F1EC8639129B1EA4015970A /* KnobGlobalStateTests.swift */ = {isa = PBXFileReference; lastKnownFileType = sourcecode.swift; path = KnobGlobalStateTests.swift; sourceTree = "<group>"; };
		2002FF819A681E0345379B26 /* KnobPanelWindowControllerTests.swift */ = {isa = PBXFileReference; lastKnownFileType = sourcecode.swift; path = KnobPanelWindowControllerTests.swift; sourceTree = "<group>"; };
		24602BE1862C7BFB5F05AFB2 /* FeedbackViewModelTests.swift */ = {isa = PBXFileReference; lastKnownFileType = sourcecode.swift; path = FeedbackViewModelTests.swift; sourceTree = "<group>"; };
		28B15AA0918B5B487EAD25BC /* GestureClassifier.swift */ = {isa = PBXFileReference; lastKnownFileType = sourcecode.swift; path = GestureClassifier.swift; sourceTree = "<group>"; };
		29618E44B78DFC05E3D4E562 /* CloudSyncManagerTests.swift */ = {isa = PBXFileReference; lastKnownFileType = sourcecode.swift; path = CloudSyncManagerTests.swift; sourceTree = "<group>"; };
		2CC77959DB4C1B4AC99F89BA /* HotkeySettings.swift */ = {isa = PBXFileReference; lastKnownFileType = sourcecode.swift; path = HotkeySettings.swift; sourceTree = "<group>"; };
		2E65F22EC23449DC6E277829 /* HUDCustomImageView.swift */ = {isa = PBXFileReference; lastKnownFileType = sourcecode.swift; path = HUDCustomImageView.swift; sourceTree = "<group>"; };
		2EDCD49016D1A239A70723C1 /* FreeEditionPopoverView.swift */ = {isa = PBXFileReference; lastKnownFileType = sourcecode.swift; path = FreeEditionPopoverView.swift; sourceTree = "<group>"; };
		3143B43E9BB98963B310B6D1 /* PhantomKnobApp.swift */ = {isa = PBXFileReference; lastKnownFileType = sourcecode.swift; path = PhantomKnobApp.swift; sourceTree = "<group>"; };
		33997C526CE3C79D79F6AC92 /* DemoViewModel.swift */ = {isa = PBXFileReference; lastKnownFileType = sourcecode.swift; path = DemoViewModel.swift; sourceTree = "<group>"; };
		33E0AF95038612DA34DA2759 /* LicenseManager.swift */ = {isa = PBXFileReference; lastKnownFileType = sourcecode.swift; path = LicenseManager.swift; sourceTree = "<group>"; };
		36DB066BD45933FF9EFDD35B /* KnobCustomizationTriggerTests.swift */ = {isa = PBXFileReference; lastKnownFileType = sourcecode.swift; path = KnobCustomizationTriggerTests.swift; sourceTree = "<group>"; };
		3A4B06F414ECD11ECEC6940A /* InputTranslationTests.swift */ = {isa = PBXFileReference; lastKnownFileType = sourcecode.swift; path = InputTranslationTests.swift; sourceTree = "<group>"; };
		3A9240AE6F39B5A430780022 /* HotkeyRecorderView.swift */ = {isa = PBXFileReference; lastKnownFileType = sourcecode.swift; path = HotkeyRecorderView.swift; sourceTree = "<group>"; };
		412FAE1848F7AE48AD20C030 /* FreeEditionPopoverTests.swift */ = {isa = PBXFileReference; lastKnownFileType = sourcecode.swift; path = FreeEditionPopoverTests.swift; sourceTree = "<group>"; };
		4339B35F28D56220AFFFE149 /* DesignSystem.swift */ = {isa = PBXFileReference; lastKnownFileType = sourcecode.swift; path = DesignSystem.swift; sourceTree = "<group>"; };
		43ABFB23BDFDF56174133BB8 /* CustomizerHUDView.swift */ = {isa = PBXFileReference; lastKnownFileType = sourcecode.swift; path = CustomizerHUDView.swift; sourceTree = "<group>"; };
		46ACDD2262ECEE8A2CA8D5F8 /* HUDGaugeView.swift */ = {isa = PBXFileReference; lastKnownFileType = sourcecode.swift; path = HUDGaugeView.swift; sourceTree = "<group>"; };
		48E18C6A6F3A671623538EE2 /* KnobActiveStatePersistenceTests.swift */ = {isa = PBXFileReference; lastKnownFileType = sourcecode.swift; path = KnobActiveStatePersistenceTests.swift; sourceTree = "<group>"; };
		51364924F0E2014B875F13CA /* HardwareDetectorTests.swift */ = {isa = PBXFileReference; lastKnownFileType = sourcecode.swift; path = HardwareDetectorTests.swift; sourceTree = "<group>"; };
		54A9695AB9CEBBCE4394ED8C /* StatusBarController.swift */ = {isa = PBXFileReference; lastKnownFileType = sourcecode.swift; path = StatusBarController.swift; sourceTree = "<group>"; };
		55D5781638B8E5EA70E50E42 /* LicenseWindowController.swift */ = {isa = PBXFileReference; lastKnownFileType = sourcecode.swift; path = LicenseWindowController.swift; sourceTree = "<group>"; };
		58A77841598587C200D25FBF /* AppLanguageManagerTests.swift */ = {isa = PBXFileReference; lastKnownFileType = sourcecode.swift; path = AppLanguageManagerTests.swift; sourceTree = "<group>"; };
		5FE64900D039A90EF7F38282 /* AppSettings.swift */ = {isa = PBXFileReference; lastKnownFileType = sourcecode.swift; path = AppSettings.swift; sourceTree = "<group>"; };
		601C074E4660383A42DB512A /* DockIconManager.swift */ = {isa = PBXFileReference; lastKnownFileType = sourcecode.swift; path = DockIconManager.swift; sourceTree = "<group>"; };
		6898B85FD6B44DE6E7481AF1 /* HUDSkinManager.swift */ = {isa = PBXFileReference; lastKnownFileType = sourcecode.swift; path = HUDSkinManager.swift; sourceTree = "<group>"; };
		70539DF072A069399F9C2F2A /* HUDPointerView.swift */ = {isa = PBXFileReference; lastKnownFileType = sourcecode.swift; path = HUDPointerView.swift; sourceTree = "<group>"; };
		7276B847C3350CE8E5BEE90C /* AppSettingsTests.swift */ = {isa = PBXFileReference; lastKnownFileType = sourcecode.swift; path = AppSettingsTests.swift; sourceTree = "<group>"; };
		73263D014AF58E4418641B4A /* KnobCircleView.swift */ = {isa = PBXFileReference; lastKnownFileType = sourcecode.swift; path = KnobCircleView.swift; sourceTree = "<group>"; };
		78D28F4DF30A624A89581773 /* GestureClassifierTests.swift */ = {isa = PBXFileReference; lastKnownFileType = sourcecode.swift; path = GestureClassifierTests.swift; sourceTree = "<group>"; };
		79E59D5E06F5866BA93B2D8A /* OverlayView.swift */ = {isa = PBXFileReference; lastKnownFileType = sourcecode.swift; path = OverlayView.swift; sourceTree = "<group>"; };
		7B27631751EBC87B7FFAE2A9 /* HardwareDetector.swift */ = {isa = PBXFileReference; lastKnownFileType = sourcecode.swift; path = HardwareDetector.swift; sourceTree = "<group>"; };
		7B8FC8A23B8E266E5FD91598 /* KnobLiftoffFilterTests.swift */ = {isa = PBXFileReference; lastKnownFileType = sourcecode.swift; path = KnobLiftoffFilterTests.swift; sourceTree = "<group>"; };
		7BD5669077078D4613919CA9 /* LicenseWindowView.swift */ = {isa = PBXFileReference; lastKnownFileType = sourcecode.swift; path = LicenseWindowView.swift; sourceTree = "<group>"; };
		7D92127E9E33E2068C39C6D2 /* LicenseManagerTests.swift */ = {isa = PBXFileReference; lastKnownFileType = sourcecode.swift; path = LicenseManagerTests.swift; sourceTree = "<group>"; };
		7DEE11CE4A241D8E09F06FE1 /* TargetDetectorTests.swift */ = {isa = PBXFileReference; lastKnownFileType = sourcecode.swift; path = TargetDetectorTests.swift; sourceTree = "<group>"; };
		7FC033D8EFF916E61230512B /* KnobCustomizer.swift */ = {isa = PBXFileReference; lastKnownFileType = sourcecode.swift; path = KnobCustomizer.swift; sourceTree = "<group>"; };
		8120D28F7EC33A9A5859F62D /* ReleaseNotesView.swift */ = {isa = PBXFileReference; lastKnownFileType = sourcecode.swift; path = ReleaseNotesView.swift; sourceTree = "<group>"; };
		81AB9DF6DBD27B74032E57BA /* release-notes.json */ = {isa = PBXFileReference; lastKnownFileType = text.json; path = "release-notes.json"; sourceTree = "<group>"; };
		831481C7139BDC5517BEF2FC /* Assets.xcassets */ = {isa = PBXFileReference; lastKnownFileType = folder.assetcatalog; path = Assets.xcassets; sourceTree = "<group>"; };
		871B6891D66B1771C9F60B48 /* FeedbackViewModel.swift */ = {isa = PBXFileReference; lastKnownFileType = sourcecode.swift; path = FeedbackViewModel.swift; sourceTree = "<group>"; };
		8771BC1033CA41840E19A7B4 /* HotkeySettingsTests.swift */ = {isa = PBXFileReference; lastKnownFileType = sourcecode.swift; path = HotkeySettingsTests.swift; sourceTree = "<group>"; };
		8776E7B99B66A818472F3AD2 /* InputTranslation.swift */ = {isa = PBXFileReference; lastKnownFileType = sourcecode.swift; path = InputTranslation.swift; sourceTree = "<group>"; };
		88FC4C75EA72D359CF88C0F5 /* MultitouchManager.swift */ = {isa = PBXFileReference; lastKnownFileType = sourcecode.swift; path = MultitouchManager.swift; sourceTree = "<group>"; };
		899D86B28252691F994F0E31 /* AXWriteTranslator.swift */ = {isa = PBXFileReference; lastKnownFileType = sourcecode.swift; path = AXWriteTranslator.swift; sourceTree = "<group>"; };
		89B82F5973F1273CE4101B2F /* UserGuideView.swift */ = {isa = PBXFileReference; lastKnownFileType = sourcecode.swift; path = UserGuideView.swift; sourceTree = "<group>"; };
		8C9B369B5463055B638A95E6 /* CustomKnobTests.swift */ = {isa = PBXFileReference; lastKnownFileType = sourcecode.swift; path = CustomKnobTests.swift; sourceTree = "<group>"; };
		8CC5ECEF8259B4A6171B21ED /* LicenseTests.swift */ = {isa = PBXFileReference; lastKnownFileType = sourcecode.swift; path = LicenseTests.swift; sourceTree = "<group>"; };
		8D76A85C86CFA1CEFA58915D /* ArrowKeyTranslator.swift */ = {isa = PBXFileReference; lastKnownFileType = sourcecode.swift; path = ArrowKeyTranslator.swift; sourceTree = "<group>"; };
		8F51560070628B8DF33A8693 /* KnobConfig.swift */ = {isa = PBXFileReference; lastKnownFileType = sourcecode.swift; path = KnobConfig.swift; sourceTree = "<group>"; };
		8FAD6E788B87835867469C3F /* CustomizerHUDWindowController.swift */ = {isa = PBXFileReference; lastKnownFileType = sourcecode.swift; path = CustomizerHUDWindowController.swift; sourceTree = "<group>"; };
		91C4863C27548F454AFB0D80 /* UserGuideViewModelTests.swift */ = {isa = PBXFileReference; lastKnownFileType = sourcecode.swift; path = UserGuideViewModelTests.swift; sourceTree = "<group>"; };
		92F9A87164F5EE435A917D0A /* SystemServicesTests.swift */ = {isa = PBXFileReference; lastKnownFileType = sourcecode.swift; path = SystemServicesTests.swift; sourceTree = "<group>"; };
		9785379F4C1295E57267D2BC /* Logger+Extensions.swift */ = {isa = PBXFileReference; lastKnownFileType = sourcecode.swift; path = "Logger+Extensions.swift"; sourceTree = "<group>"; };
		99A3EDAD584AA491A81A6988 /* FeedbackWindowController.swift */ = {isa = PBXFileReference; lastKnownFileType = sourcecode.swift; path = FeedbackWindowController.swift; sourceTree = "<group>"; };
		A0F3BECF18F2E9EF5F8CA348 /* ReleaseNotesController.swift */ = {isa = PBXFileReference; lastKnownFileType = sourcecode.swift; path = ReleaseNotesController.swift; sourceTree = "<group>"; };
		A31EB983132648BE5B011996 /* DemoSliderTargetTests.swift */ = {isa = PBXFileReference; lastKnownFileType = sourcecode.swift; path = DemoSliderTargetTests.swift; sourceTree = "<group>"; };
		AA7057B1B8B0E62D649010B4 /* LaunchAtLoginService.swift */ = {isa = PBXFileReference; lastKnownFileType = sourcecode.swift; path = LaunchAtLoginService.swift; sourceTree = "<group>"; };
		AAA7F28EDCDFAC25D81EE92E /* HUDNotchPinsView.swift */ = {isa = PBXFileReference; lastKnownFileType = sourcecode.swift; path = HUDNotchPinsView.swift; sourceTree = "<group>"; };
		AAC3304255CD286857823144 /* LocalizationTests.swift */ = {isa = PBXFileReference; lastKnownFileType = sourcecode.swift; path = LocalizationTests.swift; sourceTree = "<group>"; };
		AAEDF01CC72784BA849E0EC9 /* HUDCircleButton.swift */ = {isa = PBXFileReference; lastKnownFileType = sourcecode.swift; path = HUDCircleButton.swift; sourceTree = "<group>"; };
		AB1E79FB5B05E4BFDD848CF1 /* TutorialViewModelTests.swift */ = {isa = PBXFileReference; lastKnownFileType = sourcecode.swift; path = TutorialViewModelTests.swift; sourceTree = "<group>"; };
		AC69641B463FC61F6329B1B1 /* KnobPanelViewModel.swift */ = {isa = PBXFileReference; lastKnownFileType = sourcecode.swift; path = KnobPanelViewModel.swift; sourceTree = "<group>"; };
		AC952ED93FAAC5A095087D3A /* HUDTextureOverlayView.swift */ = {isa = PBXFileReference; lastKnownFileType = sourcecode.swift; path = HUDTextureOverlayView.swift; sourceTree = "<group>"; };
		ADEDDC2B2FB1885EA5CB8219 /* UpdateManager.swift */ = {isa = PBXFileReference; lastKnownFileType = sourcecode.swift; path = UpdateManager.swift; sourceTree = "<group>"; };
		AF56817E9D1B61DD9BB426A4 /* PhantomKnobTests.xctest */ = {isa = PBXFileReference; explicitFileType = wrapper.cfbundle; includeInIndex = 0; path = PhantomKnobTests.xctest; sourceTree = BUILT_PRODUCTS_DIR; };
		B2DD05C13BC59773FD98055F /* JSONCParserTests.swift */ = {isa = PBXFileReference; lastKnownFileType = sourcecode.swift; path = JSONCParserTests.swift; sourceTree = "<group>"; };
		B4F69A27EBAEC2C12A6B2F0D /* UserGuideViewModel.swift */ = {isa = PBXFileReference; lastKnownFileType = sourcecode.swift; path = UserGuideViewModel.swift; sourceTree = "<group>"; };
		B5C0A6CA8592C5DEE68B94A5 /* SkinPackager.swift */ = {isa = PBXFileReference; lastKnownFileType = sourcecode.swift; path = SkinPackager.swift; sourceTree = "<group>"; };
		B7A95D534D2BC56D0EEAAA4C /* KnobStateManagerFeatureGateTests.swift */ = {isa = PBXFileReference; lastKnownFileType = sourcecode.swift; path = KnobStateManagerFeatureGateTests.swift; sourceTree = "<group>"; };
		B83D8874A40287B9C9842B36 /* DemoSliderTarget.swift */ = {isa = PBXFileReference; lastKnownFileType = sourcecode.swift; path = DemoSliderTarget.swift; sourceTree = "<group>"; };
		BB013A64BA258E0802863E95 /* ScaleResolver.swift */ = {isa = PBXFileReference; lastKnownFileType = sourcecode.swift; path = ScaleResolver.swift; sourceTree = "<group>"; };
		BC6423248EA5723E80A08AEA /* DisplayBrightnessService.swift */ = {isa = PBXFileReference; lastKnownFileType = sourcecode.swift; path = DisplayBrightnessService.swift; sourceTree = "<group>"; };
		BCDFF9894EB54405B1C21A8A /* FeedbackWindowControllerTests.swift */ = {isa = PBXFileReference; lastKnownFileType = sourcecode.swift; path = FeedbackWindowControllerTests.swift; sourceTree = "<group>"; };
		BD6585BAA9CD7820FC6E16DC /* final-cut-pro.json */ = {isa = PBXFileReference; lastKnownFileType = text.json; path = "final-cut-pro.json"; sourceTree = "<group>"; };
		BECCD01545240799A9A54A67 /* logic-pro.json */ = {isa = PBXFileReference; lastKnownFileType = text.json; path = "logic-pro.json"; sourceTree = "<group>"; };
		BFD76C8F55D149872824073D /* URLSchemeHandlerTests.swift */ = {isa = PBXFileReference; lastKnownFileType = sourcecode.swift; path = URLSchemeHandlerTests.swift; sourceTree = "<group>"; };
		C2DFFD9D9201775F76B3B8DB /* KnobStateManager.swift */ = {isa = PBXFileReference; lastKnownFileType = sourcecode.swift; path = KnobStateManager.swift; sourceTree = "<group>"; };
		C3A6310E035C008390D7FC8E /* CustomMultiplierTests.swift */ = {isa = PBXFileReference; lastKnownFileType = sourcecode.swift; path = CustomMultiplierTests.swift; sourceTree = "<group>"; };
		C4DECA527A57B3E32B400EF2 /* SettingsWindowController.swift */ = {isa = PBXFileReference; lastKnownFileType = sourcecode.swift; path = SettingsWindowController.swift; sourceTree = "<group>"; };
		C6409308252718581F95D9CD /* KnobPanelWindowController.swift */ = {isa = PBXFileReference; lastKnownFileType = sourcecode.swift; path = KnobPanelWindowController.swift; sourceTree = "<group>"; };
		C955EF152C23C292A17B7F8A /* InputTranslator.swift */ = {isa = PBXFileReference; lastKnownFileType = sourcecode.swift; path = InputTranslator.swift; sourceTree = "<group>"; };
		CAA6A832C57BD30CB7D46484 /* UserGuideWindowController.swift */ = {isa = PBXFileReference; lastKnownFileType = sourcecode.swift; path = UserGuideWindowController.swift; sourceTree = "<group>"; };
		CC5C8E0A0350FB712070D82F /* AnalyticsManager.swift */ = {isa = PBXFileReference; lastKnownFileType = sourcecode.swift; path = AnalyticsManager.swift; sourceTree = "<group>"; };
		CF3EA0C61599821948945AC9 /* KnobCore.swift */ = {isa = PBXFileReference; lastKnownFileType = sourcecode.swift; path = KnobCore.swift; sourceTree = "<group>"; };
		D0CE04E54BEF9716B0636963 /* ScaleConfigCompatibilityTests.swift */ = {isa = PBXFileReference; lastKnownFileType = sourcecode.swift; path = ScaleConfigCompatibilityTests.swift; sourceTree = "<group>"; };
		D0FA9731707F828DF8131590 /* UserDefaults+App.swift */ = {isa = PBXFileReference; lastKnownFileType = sourcecode.swift; path = "UserDefaults+App.swift"; sourceTree = "<group>"; };
		D294D0E8BC84017A0F384350 /* KnobCustomizerTests.swift */ = {isa = PBXFileReference; lastKnownFileType = sourcecode.swift; path = KnobCustomizerTests.swift; sourceTree = "<group>"; };
		D2B499ACF164A9451B0AAD1C /* TouchpadView.swift */ = {isa = PBXFileReference; lastKnownFileType = sourcecode.swift; path = TouchpadView.swift; sourceTree = "<group>"; };
		DA6C8F511A5273CBF2A8094B /* PhantomKnob.app */ = {isa = PBXFileReference; explicitFileType = wrapper.application; includeInIndex = 0; path = PhantomKnob.app; sourceTree = BUILT_PRODUCTS_DIR; };
		DB40B42C0370CE2503669AC4 /* KnobPanelNotificationTests.swift */ = {isa = PBXFileReference; lastKnownFileType = sourcecode.swift; path = KnobPanelNotificationTests.swift; sourceTree = "<group>"; };
		DB64D19BFD5B900927911DDE /* HUDValueBadgeView.swift */ = {isa = PBXFileReference; lastKnownFileType = sourcecode.swift; path = HUDValueBadgeView.swift; sourceTree = "<group>"; };
		DBCF8FF6DD6D5C745B73A6D3 /* HUDCenterCapView.swift */ = {isa = PBXFileReference; lastKnownFileType = sourcecode.swift; path = HUDCenterCapView.swift; sourceTree = "<group>"; };
		DBFB470A7453374CC4862FD7 /* TargetDetector.swift */ = {isa = PBXFileReference; lastKnownFileType = sourcecode.swift; path = TargetDetector.swift; sourceTree = "<group>"; };
		DEAF87A6073EE6800820C8A8 /* KnobPanelView.swift */ = {isa = PBXFileReference; lastKnownFileType = sourcecode.swift; path = KnobPanelView.swift; sourceTree = "<group>"; };
		DEE2E4031E90F1B450E1D5CD /* RotationDirection.swift */ = {isa = PBXFileReference; lastKnownFileType = sourcecode.swift; path = RotationDirection.swift; sourceTree = "<group>"; };
		E027B90B3BEB8EED7452722D /* HUDSkinTests.swift */ = {isa = PBXFileReference; lastKnownFileType = sourcecode.swift; path = HUDSkinTests.swift; sourceTree = "<group>"; };
		E07393EBAB5C633F4A79E498 /* Localizable.xcstrings */ = {isa = PBXFileReference; lastKnownFileType = text.json.xcstrings; path = Localizable.xcstrings; sourceTree = "<group>"; };
		E0A1ECB7826EEE6AA49E8BF1 /* StatusBarControllerTests.swift */ = {isa = PBXFileReference; lastKnownFileType = sourcecode.swift; path = StatusBarControllerTests.swift; sourceTree = "<group>"; };
		E22B8A0EEE9ADDE36EBD680C /* KnobPanelViewModelTests.swift */ = {isa = PBXFileReference; lastKnownFileType = sourcecode.swift; path = KnobPanelViewModelTests.swift; sourceTree = "<group>"; };
		E2CDEC7A8A488C0D2A64D6AA /* AppLanguageManager.swift */ = {isa = PBXFileReference; lastKnownFileType = sourcecode.swift; path = AppLanguageManager.swift; sourceTree = "<group>"; };
		E77D21A367DF26814BDB1966 /* TutorialView.swift */ = {isa = PBXFileReference; lastKnownFileType = sourcecode.swift; path = TutorialView.swift; sourceTree = "<group>"; };
		E8C4C81CBF98264E7686C45B /* KnobGlobalState.swift */ = {isa = PBXFileReference; lastKnownFileType = sourcecode.swift; path = KnobGlobalState.swift; sourceTree = "<group>"; };
		E927BFD011FA7F408A75D99D /* FeatureGate.swift */ = {isa = PBXFileReference; lastKnownFileType = sourcecode.swift; path = FeatureGate.swift; sourceTree = "<group>"; };
		EF4E00FEE56575AC0CAE0FEF /* HUDBackdropView.swift */ = {isa = PBXFileReference; lastKnownFileType = sourcecode.swift; path = HUDBackdropView.swift; sourceTree = "<group>"; };
		F09176C4330342A99B8E6D12 /* ModelTests.swift */ = {isa = PBXFileReference; lastKnownFileType = sourcecode.swift; path = ModelTests.swift; sourceTree = "<group>"; };
		F265AA267220CC6CEE2B9C1A /* SettingsView.swift */ = {isa = PBXFileReference; lastKnownFileType = sourcecode.swift; path = SettingsView.swift; sourceTree = "<group>"; };
		F80C2FABCDBC109AD23D3BC9 /* URLSchemeHandler.swift */ = {isa = PBXFileReference; lastKnownFileType = sourcecode.swift; path = URLSchemeHandler.swift; sourceTree = "<group>"; };
		F964BA6FE16412CB6FD87DD5 /* KnobAlgorithmTests.swift */ = {isa = PBXFileReference; lastKnownFileType = sourcecode.swift; path = KnobAlgorithmTests.swift; sourceTree = "<group>"; };
		FC25D2DC3A258F173AB3BD8C /* AudioControlService.swift */ = {isa = PBXFileReference; lastKnownFileType = sourcecode.swift; path = AudioControlService.swift; sourceTree = "<group>"; };
		FF51B47DC27F97A4D1FB480E /* ScaleResolverTests.swift */ = {isa = PBXFileReference; lastKnownFileType = sourcecode.swift; path = ScaleResolverTests.swift; sourceTree = "<group>"; };
/* End PBXFileReference section */

/* Begin PBXFrameworksBuildPhase section */
		AAC7D020D674C1AAAC175733 /* Frameworks */ = {
			isa = PBXFrameworksBuildPhase;
			buildActionMask = 2147483647;
			files = (
				48372952AC769B19FEF10F52 /* Sentry in Frameworks */,
				04B23D46ED2398168310E343 /* Sparkle in Frameworks */,
				8709702086B8BB5985D89015 /* TelemetryClient in Frameworks */,
			);
			runOnlyForDeploymentPostprocessing = 0;
		};
/* End PBXFrameworksBuildPhase section */

/* Begin PBXGroup section */
		34C1DA44C6DDFEE3EB4470D1 /* pro-rules */ = {
			isa = PBXGroup;
			children = (
				0960371388A77DEDB4D452D5 /* davinci-resolve.json */,
				BD6585BAA9CD7820FC6E16DC /* final-cut-pro.json */,
				BECCD01545240799A9A54A67 /* logic-pro.json */,
			);
			path = "pro-rules";
			sourceTree = "<group>";
		};
		3535FADFD5B9C7B56E7DF168 /* Resources */ = {
			isa = PBXGroup;
			children = (
				81AB9DF6DBD27B74032E57BA /* release-notes.json */,
				34C1DA44C6DDFEE3EB4470D1 /* pro-rules */,
			);
			path = Resources;
			sourceTree = "<group>";
		};
		3C9E425469C6BD831E85F72C /* Products */ = {
			isa = PBXGroup;
			children = (
				DA6C8F511A5273CBF2A8094B /* PhantomKnob.app */,
				AF56817E9D1B61DD9BB426A4 /* PhantomKnobTests.xctest */,
			);
			name = Products;
			sourceTree = "<group>";
		};
		4653D3D3CA63B50686ABDAA5 /* ViewModel */ = {
			isa = PBXGroup;
			children = (
				33997C526CE3C79D79F6AC92 /* DemoViewModel.swift */,
				871B6891D66B1771C9F60B48 /* FeedbackViewModel.swift */,
				AC69641B463FC61F6329B1B1 /* KnobPanelViewModel.swift */,
				B4F69A27EBAEC2C12A6B2F0D /* UserGuideViewModel.swift */,
			);
			path = ViewModel;
			sourceTree = "<group>";
		};
		50110A052D3D411FDB492928 /* View */ = {
			isa = PBXGroup;
			children = (
				43ABFB23BDFDF56174133BB8 /* CustomizerHUDView.swift */,
				4339B35F28D56220AFFFE149 /* DesignSystem.swift */,
				0EA23DA88C2F6EE073458569 /* FeedbackView.swift */,
				2EDCD49016D1A239A70723C1 /* FreeEditionPopoverView.swift */,
				3A9240AE6F39B5A430780022 /* HotkeyRecorderView.swift */,
				AAEDF01CC72784BA849E0EC9 /* HUDCircleButton.swift */,
				DEAF87A6073EE6800820C8A8 /* KnobPanelView.swift */,
				7BD5669077078D4613919CA9 /* LicenseWindowView.swift */,
				79E59D5E06F5866BA93B2D8A /* OverlayView.swift */,
				8120D28F7EC33A9A5859F62D /* ReleaseNotesView.swift */,
				F265AA267220CC6CEE2B9C1A /* SettingsView.swift */,
				E77D21A367DF26814BDB1966 /* TutorialView.swift */,
				89B82F5973F1273CE4101B2F /* UserGuideView.swift */,
				86C6DDE282247133736E4A87 /* Components */,
			);
			path = View;
			sourceTree = "<group>";
		};
		529BA234DA7F582FBBFDDD7B /* Service */ = {
			isa = PBXGroup;
			children = (
				CC5C8E0A0350FB712070D82F /* AnalyticsManager.swift */,
				E2CDEC7A8A488C0D2A64D6AA /* AppLanguageManager.swift */,
				FC25D2DC3A258F173AB3BD8C /* AudioControlService.swift */,
				1D501667239AF8D006C21DF8 /* CloudSyncManager.swift */,
				8FAD6E788B87835867469C3F /* CustomizerHUDWindowController.swift */,
				BC6423248EA5723E80A08AEA /* DisplayBrightnessService.swift */,
				601C074E4660383A42DB512A /* DockIconManager.swift */,
				E927BFD011FA7F408A75D99D /* FeatureGate.swift */,
				99A3EDAD584AA491A81A6988 /* FeedbackWindowController.swift */,
				28B15AA0918B5B487EAD25BC /* GestureClassifier.swift */,
				0BD747C9F6DC171899EA02CC /* GlobalTouchHandler.swift */,
				7B27631751EBC87B7FFAE2A9 /* HardwareDetector.swift */,
				131BC13BA4105812935DB9AD /* KeyboardBacklightService.swift */,
				18CF154D12272E6CFC5DC7EB /* KnobAlgorithm.swift */,
				C6409308252718581F95D9CD /* KnobPanelWindowController.swift */,
				C2DFFD9D9201775F76B3B8DB /* KnobStateManager.swift */,
				AA7057B1B8B0E62D649010B4 /* LaunchAtLoginService.swift */,
				33E0AF95038612DA34DA2759 /* LicenseManager.swift */,
				55D5781638B8E5EA70E50E42 /* LicenseWindowController.swift */,
				9785379F4C1295E57267D2BC /* Logger+Extensions.swift */,
				88FC4C75EA72D359CF88C0F5 /* MultitouchManager.swift */,
				14058306126BA0F12A966584 /* OverlayController.swift */,
				A0F3BECF18F2E9EF5F8CA348 /* ReleaseNotesController.swift */,
				BB013A64BA258E0802863E95 /* ScaleResolver.swift */,
				C4DECA527A57B3E32B400EF2 /* SettingsWindowController.swift */,
				B5C0A6CA8592C5DEE68B94A5 /* SkinPackager.swift */,
				54A9695AB9CEBBCE4394ED8C /* StatusBarController.swift */,
				DBFB470A7453374CC4862FD7 /* TargetDetector.swift */,
				165D5400DF747E8DCDF6022A /* TouchpadEngine.swift */,
				ADEDDC2B2FB1885EA5CB8219 /* UpdateManager.swift */,
				F80C2FABCDBC109AD23D3BC9 /* URLSchemeHandler.swift */,
				CAA6A832C57BD30CB7D46484 /* UserGuideWindowController.swift */,
			);
			path = Service;
			sourceTree = "<group>";
		};
		5F82035CB1C4DA47D2E6AB9A /* Control */ = {
			isa = PBXGroup;
			children = (
				8D76A85C86CFA1CEFA58915D /* ArrowKeyTranslator.swift */,
				899D86B28252691F994F0E31 /* AXWriteTranslator.swift */,
				B83D8874A40287B9C9842B36 /* DemoSliderTarget.swift */,
				C955EF152C23C292A17B7F8A /* InputTranslator.swift */,
				16E9AB06D406D93054769DF3 /* ScrollWheelTranslator.swift */,
			);
			path = Control;
			sourceTree = "<group>";
		};
		86C6DDE282247133736E4A87 /* Components */ = {
			isa = PBXGroup;
			children = (
				73263D014AF58E4418641B4A /* KnobCircleView.swift */,
				D2B499ACF164A9451B0AAD1C /* TouchpadView.swift */,
				A10093B16792C5E5C3DB75BB /* HUD */,
			);
			path = Components;
			sourceTree = "<group>";
		};
		8A988B8E36DBB3B840565482 /* Storage */ = {
			isa = PBXGroup;
			children = (
				6898B85FD6B44DE6E7481AF1 /* HUDSkinManager.swift */,
				7FC033D8EFF916E61230512B /* KnobCustomizer.swift */,
				D0FA9731707F828DF8131590 /* UserDefaults+App.swift */,
			);
			path = Storage;
			sourceTree = "<group>";
		};
		A10093B16792C5E5C3DB75BB /* HUD */ = {
			isa = PBXGroup;
			children = (
				EF4E00FEE56575AC0CAE0FEF /* HUDBackdropView.swift */,
				DBCF8FF6DD6D5C745B73A6D3 /* HUDCenterCapView.swift */,
				2E65F22EC23449DC6E277829 /* HUDCustomImageView.swift */,
				46ACDD2262ECEE8A2CA8D5F8 /* HUDGaugeView.swift */,
				AAA7F28EDCDFAC25D81EE92E /* HUDNotchPinsView.swift */,
				70539DF072A069399F9C2F2A /* HUDPointerView.swift */,
				AC952ED93FAAC5A095087D3A /* HUDTextureOverlayView.swift */,
				DB64D19BFD5B900927911DDE /* HUDValueBadgeView.swift */,
			);
			path = HUD;
			sourceTree = "<group>";
		};
		AFAF9EF867E7D3062576C0B8 = {
			isa = PBXGroup;
			children = (
				831481C7139BDC5517BEF2FC /* Assets.xcassets */,
				E07393EBAB5C633F4A79E498 /* Localizable.xcstrings */,
				BFF80AEE2BF2168C727111D1 /* App */,
				5F82035CB1C4DA47D2E6AB9A /* Control */,
				B16FFC6517192B8002656370 /* Model */,
				F050F9EC56C943F0627BF3B7 /* PhantomKnobTests */,
				3535FADFD5B9C7B56E7DF168 /* Resources */,
				529BA234DA7F582FBBFDDD7B /* Service */,
				8A988B8E36DBB3B840565482 /* Storage */,
				50110A052D3D411FDB492928 /* View */,
				4653D3D3CA63B50686ABDAA5 /* ViewModel */,
				3C9E425469C6BD831E85F72C /* Products */,
			);
			sourceTree = "<group>";
		};
		B16FFC6517192B8002656370 /* Model */ = {
			isa = PBXGroup;
			children = (
				5FE64900D039A90EF7F38282 /* AppSettings.swift */,
				12D7CC02AB1BBA3A5A2140E7 /* DetectedTarget.swift */,
				2CC77959DB4C1B4AC99F89BA /* HotkeySettings.swift */,
				00FE8BDCFAAC5ADF8A71C0C0 /* HUDSkin.swift */,
				8776E7B99B66A818472F3AD2 /* InputTranslation.swift */,
				8F51560070628B8DF33A8693 /* KnobConfig.swift */,
				CF3EA0C61599821948945AC9 /* KnobCore.swift */,
				E8C4C81CBF98264E7686C45B /* KnobGlobalState.swift */,
				0279BBA53DE238B7A49EE6A6 /* KnobState.swift */,
				0DFF6C161024FEAF9EB3124E /* LicenseState.swift */,
				DEE2E4031E90F1B450E1D5CD /* RotationDirection.swift */,
			);
			path = Model;
			sourceTree = "<group>";
		};
		BFF80AEE2BF2168C727111D1 /* App */ = {
			isa = PBXGroup;
			children = (
				3143B43E9BB98963B310B6D1 /* PhantomKnobApp.swift */,
			);
			path = App;
			sourceTree = "<group>";
		};
		F050F9EC56C943F0627BF3B7 /* PhantomKnobTests */ = {
			isa = PBXGroup;
			children = (
				038D5EEE3B0DE096CC012769 /* AnimationPersistenceReproTests.swift */,
				58A77841598587C200D25FBF /* AppLanguageManagerTests.swift */,
				7276B847C3350CE8E5BEE90C /* AppSettingsTests.swift */,
				29618E44B78DFC05E3D4E562 /* CloudSyncManagerTests.swift */,
				8C9B369B5463055B638A95E6 /* CustomKnobTests.swift */,
				C3A6310E035C008390D7FC8E /* CustomMultiplierTests.swift */,
				A31EB983132648BE5B011996 /* DemoSliderTargetTests.swift */,
				150138859D28698EB07164B3 /* FeatureGateTests.swift */,
				24602BE1862C7BFB5F05AFB2 /* FeedbackViewModelTests.swift */,
				BCDFF9894EB54405B1C21A8A /* FeedbackWindowControllerTests.swift */,
				412FAE1848F7AE48AD20C030 /* FreeEditionPopoverTests.swift */,
				78D28F4DF30A624A89581773 /* GestureClassifierTests.swift */,
				0704C959B2850EE4DF5B9648 /* GestureConflictTests.swift */,
				51364924F0E2014B875F13CA /* HardwareDetectorTests.swift */,
				8771BC1033CA41840E19A7B4 /* HotkeySettingsTests.swift */,
				E027B90B3BEB8EED7452722D /* HUDSkinTests.swift */,
				3A4B06F414ECD11ECEC6940A /* InputTranslationTests.swift */,
				B2DD05C13BC59773FD98055F /* JSONCParserTests.swift */,
				48E18C6A6F3A671623538EE2 /* KnobActiveStatePersistenceTests.swift */,
				F964BA6FE16412CB6FD87DD5 /* KnobAlgorithmTests.swift */,
				36DB066BD45933FF9EFDD35B /* KnobCustomizationTriggerTests.swift */,
				D294D0E8BC84017A0F384350 /* KnobCustomizerTests.swift */,
				1F1EC8639129B1EA4015970A /* KnobGlobalStateTests.swift */,
				7B8FC8A23B8E266E5FD91598 /* KnobLiftoffFilterTests.swift */,
				DB40B42C0370CE2503669AC4 /* KnobPanelNotificationTests.swift */,
				E22B8A0EEE9ADDE36EBD680C /* KnobPanelViewModelTests.swift */,
				2002FF819A681E0345379B26 /* KnobPanelWindowControllerTests.swift */,
				B7A95D534D2BC56D0EEAAA4C /* KnobStateManagerFeatureGateTests.swift */,
				7D92127E9E33E2068C39C6D2 /* LicenseManagerTests.swift */,
				8CC5ECEF8259B4A6171B21ED /* LicenseTests.swift */,
				AAC3304255CD286857823144 /* LocalizationTests.swift */,
				F09176C4330342A99B8E6D12 /* ModelTests.swift */,
				1AE54ECD0C705E6ED8E5CCA5 /* OverlayControllerTests.swift */,
				008F94919E0680E4A58515E0 /* ReleaseNotesTests.swift */,
				D0CE04E54BEF9716B0636963 /* ScaleConfigCompatibilityTests.swift */,
				FF51B47DC27F97A4D1FB480E /* ScaleResolverTests.swift */,
				06647F6206A3372DFA8E0D5B /* SettingsWindowLanguageSwitchTests.swift */,
				E0A1ECB7826EEE6AA49E8BF1 /* StatusBarControllerTests.swift */,
				92F9A87164F5EE435A917D0A /* SystemServicesTests.swift */,
				7DEE11CE4A241D8E09F06FE1 /* TargetDetectorTests.swift */,
				AB1E79FB5B05E4BFDD848CF1 /* TutorialViewModelTests.swift */,
				BFD76C8F55D149872824073D /* URLSchemeHandlerTests.swift */,
				91C4863C27548F454AFB0D80 /* UserGuideViewModelTests.swift */,
			);
			path = PhantomKnobTests;
			sourceTree = "<group>";
		};
/* End PBXGroup section */

/* Begin PBXNativeTarget section */
		5DF3D51875CFB9A3EE8A2377 /* PhantomKnobTests */ = {
			isa = PBXNativeTarget;
			buildConfigurationList = B39020FF9204EA0567472917 /* Build configuration list for PBXNativeTarget "PhantomKnobTests" */;
			buildPhases = (
				943943C4A140AB65F3A689CA /* Sources */,
			);
			buildRules = (
			);
			dependencies = (
				3B646EBF24733D12D6A50D59 /* PBXTargetDependency */,
			);
			name = PhantomKnobTests;
			packageProductDependencies = (
			);
			productName = PhantomKnobTests;
			productReference = AF56817E9D1B61DD9BB426A4 /* PhantomKnobTests.xctest */;
			productType = "com.apple.product-type.bundle.unit-test";
		};
		609BE1C03A51F470FDB98841 /* PhantomKnob */ = {
			isa = PBXNativeTarget;
			buildConfigurationList = A9D339C24648C25841BE63A9 /* Build configuration list for PBXNativeTarget "PhantomKnob" */;
			buildPhases = (
				F8E1368AE5DCEA9E76CEC2A7 /* Sources */,
				638C54D6C1BE974AABAE0D37 /* Resources */,
				AAC7D020D674C1AAAC175733 /* Frameworks */,
			);
			buildRules = (
			);
			dependencies = (
			);
			name = PhantomKnob;
			packageProductDependencies = (
				7EC1E3D674732B23AAA3D06E /* Sentry */,
				120041D50B70899FF05F7C9D /* Sparkle */,
				515DFC2872049E3CF20CE6AB /* TelemetryClient */,
			);
			productName = PhantomKnob;
			productReference = DA6C8F511A5273CBF2A8094B /* PhantomKnob.app */;
			productType = "com.apple.product-type.application";
		};
/* End PBXNativeTarget section */

/* Begin PBXProject section */
		B10F9B6433F5F844F0C50F0F /* Project object */ = {
			isa = PBXProject;
			attributes = {
				BuildIndependentTargetsInParallel = YES;
				LastUpgradeCheck = 1500;
				TargetAttributes = {
					5DF3D51875CFB9A3EE8A2377 = {
						ProvisioningStyle = Automatic;
					};
					609BE1C03A51F470FDB98841 = {
						ProvisioningStyle = Automatic;
					};
				};
			};
			buildConfigurationList = 46D7BEE75368A239D31CEA83 /* Build configuration list for PBXProject "PhantomKnob" */;
			developmentRegion = en;
			hasScannedForEncodings = 0;
			knownRegions = (
				Base,
				en,
			);
			mainGroup = AFAF9EF867E7D3062576C0B8;
			minimizedProjectReferenceProxies = 1;
			packageReferences = (
				E89DB602AD5E9BEAE9CB587A /* XCRemoteSwiftPackageReference "Sparkle" */,
				F2CFC4778C0F22728A036C57 /* XCRemoteSwiftPackageReference "SwiftClient" */,
				DF549626FCFD0A6D7328085D /* XCRemoteSwiftPackageReference "sentry-cocoa" */,
			);
			preferredProjectObjectVersion = 77;
			productRefGroup = 3C9E425469C6BD831E85F72C /* Products */;
			projectDirPath = "";
			projectRoot = "";
			targets = (
				609BE1C03A51F470FDB98841 /* PhantomKnob */,
				5DF3D51875CFB9A3EE8A2377 /* PhantomKnobTests */,
			);
		};
/* End PBXProject section */

/* Begin PBXResourcesBuildPhase section */
		638C54D6C1BE974AABAE0D37 /* Resources */ = {
			isa = PBXResourcesBuildPhase;
			buildActionMask = 2147483647;
			files = (
				72BBB09FF3E8FEA2355A6ECA /* Assets.xcassets in Resources */,
				6A9ED4B9776BDB0D8253547F /* Localizable.xcstrings in Resources */,
				9370546A95618B48796AE620 /* davinci-resolve.json in Resources */,
				92A07B9D8857FFC3528F0A0A /* final-cut-pro.json in Resources */,
				0E88544EEEAF7D4393B061CF /* logic-pro.json in Resources */,
				558A3C01798DAA56EDD11A94 /* release-notes.json in Resources */,
			);
			runOnlyForDeploymentPostprocessing = 0;
		};
/* End PBXResourcesBuildPhase section */

/* Begin PBXSourcesBuildPhase section */
		943943C4A140AB65F3A689CA /* Sources */ = {
			isa = PBXSourcesBuildPhase;
			buildActionMask = 2147483647;
			files = (
				14DB691751749602FCF6E778 /* AnimationPersistenceReproTests.swift in Sources */,
				B0BAF899FEBBC2AEB0F09C7F /* AppLanguageManagerTests.swift in Sources */,
				9E21ED3BDDB126A6A6905E2C /* AppSettingsTests.swift in Sources */,
				9925F34855238AC2A1877858 /* CloudSyncManagerTests.swift in Sources */,
				46905D868F84074B17794338 /* CustomKnobTests.swift in Sources */,
				D9AA75CFB01B353867490AC0 /* CustomMultiplierTests.swift in Sources */,
				EA6A77CCD1BA63EAFAE99002 /* DemoSliderTargetTests.swift in Sources */,
				C463D598377098DC39E1C197 /* FeatureGateTests.swift in Sources */,
				9044A2156D769089977CB93F /* FeedbackViewModelTests.swift in Sources */,
				6601A04840368F8159930AC6 /* FeedbackWindowControllerTests.swift in Sources */,
				01A6460B057DC868BBCB7E3B /* FreeEditionPopoverTests.swift in Sources */,
				BF29018F2C89BA7835834BC7 /* GestureClassifierTests.swift in Sources */,
				C9F6F3BCA2F7399BE23BDD76 /* GestureConflictTests.swift in Sources */,
				DC2B4AA5E994D2297C79C88C /* HUDSkinTests.swift in Sources */,
				3FB0F3DF98F70D7EA4C3BC43 /* HardwareDetectorTests.swift in Sources */,
				7F250377D28C8E1DB2764610 /* HotkeySettingsTests.swift in Sources */,
				782BBECA7771215D3AC55E1D /* InputTranslationTests.swift in Sources */,
				89CC4DDB76C47724BEEF1BC0 /* JSONCParserTests.swift in Sources */,
				E4C8421FCF9EB7D4170299AC /* KnobActiveStatePersistenceTests.swift in Sources */,
				37B5CCF456D3EE1E46375088 /* KnobAlgorithmTests.swift in Sources */,
				653633D5D245EA1DADC1FDD8 /* KnobCustomizationTriggerTests.swift in Sources */,
				FEE46F29785B361A5031F4DB /* KnobCustomizerTests.swift in Sources */,
				63E525A54A0379329A2409D4 /* KnobGlobalStateTests.swift in Sources */,
				BEB79FC6392FC3B4644B4EE2 /* KnobLiftoffFilterTests.swift in Sources */,
				9BD67FBCDAD45F5056D4F77D /* KnobPanelNotificationTests.swift in Sources */,
				5469DDF8E41720D5D140AC2C /* KnobPanelViewModelTests.swift in Sources */,
				1C808A46E3A523A077DD53B0 /* KnobPanelWindowControllerTests.swift in Sources */,
				C6A93D4A134FE1463D14477E /* KnobStateManagerFeatureGateTests.swift in Sources */,
				571F5529C50E62928537397D /* LicenseManagerTests.swift in Sources */,
				EF577467CFBE5D345B9A45E3 /* LicenseTests.swift in Sources */,
				A7BB68C738FBEE344BF85507 /* LocalizationTests.swift in Sources */,
				FCD6CEE952DDCB62D6405CA0 /* ModelTests.swift in Sources */,
				27EED49ED490800EA0FC1A6E /* OverlayControllerTests.swift in Sources */,
				485B7A4425C6798EEE0CC2FD /* ReleaseNotesTests.swift in Sources */,
				7E88A5B26CC52AA53A804A1D /* ScaleConfigCompatibilityTests.swift in Sources */,
				F11E3F872A077A8F3BE8ABFE /* ScaleResolverTests.swift in Sources */,
				902EC63E52F49D3E5B847DA4 /* SettingsWindowLanguageSwitchTests.swift in Sources */,
				F1A5BD84BB7445DD7F1D9DB7 /* StatusBarControllerTests.swift in Sources */,
				69196DF1790F7953D566EC24 /* SystemServicesTests.swift in Sources */,
				81C54DE6F0BD0486FBBF80CA /* TargetDetectorTests.swift in Sources */,
				0B4CB2CFBA892E1561B96459 /* TutorialViewModelTests.swift in Sources */,
				BF3A2BE915460ACE86D07110 /* URLSchemeHandlerTests.swift in Sources */,
				1B833E47FC301698FCD565E1 /* UserGuideViewModelTests.swift in Sources */,
			);
			runOnlyForDeploymentPostprocessing = 0;
		};
		F8E1368AE5DCEA9E76CEC2A7 /* Sources */ = {
			isa = PBXSourcesBuildPhase;
			buildActionMask = 2147483647;
			files = (
				9F4C5719CF0BE0C6FFA610B6 /* AXWriteTranslator.swift in Sources */,
				A58333C3C51D7ECE8BC8B514 /* AnalyticsManager.swift in Sources */,
				4F12C029F2E542B599ADF3C4 /* AppLanguageManager.swift in Sources */,
				467E33FB2518EA0F2030ECD0 /* AppSettings.swift in Sources */,
				01A6D704DC3678F59BEE0232 /* ArrowKeyTranslator.swift in Sources */,
				7DB32B2238EE8013B37D1C8F /* AudioControlService.swift in Sources */,
				FE4A74E8FCD7767DE8CF1CCB /* CloudSyncManager.swift in Sources */,
				97D55EA78F60F8DEB1A95D4B /* CustomizerHUDView.swift in Sources */,
				E3B301B86DE777C9EA25FA70 /* CustomizerHUDWindowController.swift in Sources */,
				7BFFB745C067E91F8395B361 /* DemoSliderTarget.swift in Sources */,
				9517D0F648E2CE11D3436865 /* DemoViewModel.swift in Sources */,
				9BEEF8B34F519B37BCB30F5E /* DesignSystem.swift in Sources */,
				82BBAB63D2E9D62FDE90805C /* DetectedTarget.swift in Sources */,
				2E5E69A3A010696CE124CDA8 /* DisplayBrightnessService.swift in Sources */,
				31CDCB6AAB2A916EB1382526 /* DockIconManager.swift in Sources */,
				E7319043FD2CA4D8536CC9C9 /* FeatureGate.swift in Sources */,
				B6179261B0E38B3142846932 /* FeedbackView.swift in Sources */,
				062CAE11F0FE4F2E98C8C70B /* FeedbackViewModel.swift in Sources */,
				6F5B0DC1315ACDC1E42395AB /* FeedbackWindowController.swift in Sources */,
				E265FDAE703BEA6D8F2F4F7C /* FreeEditionPopoverView.swift in Sources */,
				C8DE49C153610D4D4D4A3098 /* GestureClassifier.swift in Sources */,
				EF138900E1C6F71B57127BE9 /* GlobalTouchHandler.swift in Sources */,
				7A954A9E33A7C2E31D9A29DE /* HUDBackdropView.swift in Sources */,
				084FAE69514FD8C7EEB9000A /* HUDCenterCapView.swift in Sources */,
				0AA30BEBD46B8735AC01ABD9 /* HUDCircleButton.swift in Sources */,
				64E96268979C737D5F2DC31B /* HUDCustomImageView.swift in Sources */,
				449EC338A0B183A0DDC8D266 /* HUDGaugeView.swift in Sources */,
				3CEAEA6B69FAADDF376619A1 /* HUDNotchPinsView.swift in Sources */,
				11773EAFC6B78B7FA36DC367 /* HUDPointerView.swift in Sources */,
				DE0F2BE6ED105BC5D4D419A7 /* HUDSkin.swift in Sources */,
				69ADBB25CB52137C3AA7B93E /* HUDSkinManager.swift in Sources */,
				F09B237B76EFFC7354670135 /* HUDTextureOverlayView.swift in Sources */,
				C1924A716500C36850538745 /* HUDValueBadgeView.swift in Sources */,
				81F2439302887B6F9793246C /* HardwareDetector.swift in Sources */,
				A488FB9A185767D4438E3149 /* HotkeyRecorderView.swift in Sources */,
				85DCF281E08D26D7408AF5AB /* HotkeySettings.swift in Sources */,
				D8EDE11220DF5C7F6A758198 /* InputTranslation.swift in Sources */,
				33971F76665F69DB98FCFF5C /* InputTranslator.swift in Sources */,
				E24DD72C05AEA88624D595F4 /* KeyboardBacklightService.swift in Sources */,
				7E3E2D338ACCE6980F6E380A /* KnobAlgorithm.swift in Sources */,
				08725A37A3171E8C9E1D442D /* KnobCircleView.swift in Sources */,
				1CBB74B8B69D4E783A5E35D7 /* KnobConfig.swift in Sources */,
				7D7BA2ED5031E27BCAF0FDBA /* KnobCore.swift in Sources */,
				8719DFCECA87671EB3BB1382 /* KnobCustomizer.swift in Sources */,
				2E1279868AA8F928C0F4538A /* KnobGlobalState.swift in Sources */,
				1773A3A108295DAA417DD1A7 /* KnobPanelView.swift in Sources */,
				16B8B75B6244747BE3B83458 /* KnobPanelViewModel.swift in Sources */,
				8CC5803134336AEC78F42B6E /* KnobPanelWindowController.swift in Sources */,
				D61FAFC54E4662475B43B82E /* KnobState.swift in Sources */,
				C38EB6989296E836A2B30500 /* KnobStateManager.swift in Sources */,
				6EAC9E4505DE134DE07E396F /* LaunchAtLoginService.swift in Sources */,
				2C795AAE6FD6761A192DF9B9 /* LicenseManager.swift in Sources */,
				E5D78096C3FE0AF7509E0164 /* LicenseState.swift in Sources */,
				60B60A23F326C915CAD358D9 /* LicenseWindowController.swift in Sources */,
				F189AED084A6C171BCAB2E3A /* LicenseWindowView.swift in Sources */,
				91BA023F6642C406A78AE521 /* Logger+Extensions.swift in Sources */,
				5B0159A542CFECBEC84D42F7 /* MultitouchManager.swift in Sources */,
				2C9B5146B062FB1B035278C0 /* OverlayController.swift in Sources */,
				DA239AC64B92C952567FFAC8 /* OverlayView.swift in Sources */,
				420339FEBDE051C4655DC2FE /* PhantomKnobApp.swift in Sources */,
				E7C2CC248FA8B020075B0254 /* ReleaseNotesController.swift in Sources */,
				5CA6B4775FA6E741161BDF28 /* ReleaseNotesView.swift in Sources */,
				73535C7231C6DCFB956DBB0F /* RotationDirection.swift in Sources */,
				19EAA3A782F956431C311D9F /* ScaleResolver.swift in Sources */,
				86B5FBD17C12E7D00F0BC8AE /* ScrollWheelTranslator.swift in Sources */,
				55F5DCD9ECDD28004DFEA03A /* SettingsView.swift in Sources */,
				D263B739342BEC17C2AAFDB3 /* SettingsWindowController.swift in Sources */,
				2B63AE1FF3FF26366FCE53A6 /* SkinPackager.swift in Sources */,
				6D99BA3F54A87A56FC3699DF /* StatusBarController.swift in Sources */,
				367F55A8914856016C59C71D /* TargetDetector.swift in Sources */,
				B94BA13F948C499CB5120913 /* TouchpadEngine.swift in Sources */,
				9D43C46E67005EC6776B824E /* TouchpadView.swift in Sources */,
				B68DF231AC772689CF2A5ACC /* TutorialView.swift in Sources */,
				A38B959FF5766B28C2C00BE4 /* URLSchemeHandler.swift in Sources */,
				09897705C0C8B7D06DC6EDEE /* UpdateManager.swift in Sources */,
				6A1DF635D87D8391F5225929 /* UserDefaults+App.swift in Sources */,
				E0F19BAF580103A3FF1CAF03 /* UserGuideView.swift in Sources */,
				23607933B5AA7C20C5DD6FA2 /* UserGuideViewModel.swift in Sources */,
				784FB62A003737F37BEE19B9 /* UserGuideWindowController.swift in Sources */,
			);
			runOnlyForDeploymentPostprocessing = 0;
		};
/* End PBXSourcesBuildPhase section */

/* Begin PBXTargetDependency section */
		3B646EBF24733D12D6A50D59 /* PBXTargetDependency */ = {
			isa = PBXTargetDependency;
			target = 609BE1C03A51F470FDB98841 /* PhantomKnob */;
			targetProxy = 9D8579449157F7428A93A146 /* PBXContainerItemProxy */;
		};
/* End PBXTargetDependency section */

/* Begin XCBuildConfiguration section */
		1A07255CE7C2A4D7261FD6D7 /* Release */ = {
			isa = XCBuildConfiguration;
			buildSettings = {
				BUILD_LIBRARY_FOR_DISTRIBUTION = NO;
				BUNDLE_LOADER = "$(TEST_HOST)";
				CODE_SIGN_STYLE = Automatic;
				COMBINE_HIDPI_IMAGES = YES;
				GENERATE_INFOPLIST_FILE = YES;
				LD_RUNPATH_SEARCH_PATHS = (
					"$(inherited)",
					"@executable_path/../Frameworks",
					"@loader_path/../Frameworks",
				);
				PRODUCT_BUNDLE_IDENTIFIER = com.phantomknob.PhantomKnobTests;
				PRODUCT_NAME = PhantomKnobTests;
				SDKROOT = macosx;
				TEST_HOST = "$(BUILT_PRODUCTS_DIR)/PhantomKnob.app/Contents/MacOS/PhantomKnob";
			};
			name = Release;
		};
		715E3B3634A8832E8A378130 /* Debug */ = {
			isa = XCBuildConfiguration;
			buildSettings = {
				ASSETCATALOG_COMPILER_APPICON_NAME = AppIcon;
				CODE_SIGN_ENTITLEMENTS = PhantomKnob.entitlements;
				CODE_SIGN_STYLE = Automatic;
				COMBINE_HIDPI_IMAGES = YES;
				ENABLE_HARDENED_RUNTIME = YES;
				INFOPLIST_FILE = Info.plist;
				LD_RUNPATH_SEARCH_PATHS = (
					"$(inherited)",
					"@executable_path/../Frameworks",
				);
				PRODUCT_BUNDLE_IDENTIFIER = com.phantomknob.PhantomKnob;
				SDKROOT = macosx;
			};
			name = Debug;
		};
		7CEB8C7843679F70A6D4877F /* Debug */ = {
			isa = XCBuildConfiguration;
			buildSettings = {
				ALWAYS_SEARCH_USER_PATHS = NO;
				CLANG_ANALYZER_NONNULL = YES;
				CLANG_ANALYZER_NUMBER_OBJECT_CONVERSION = YES_AGGRESSIVE;
				CLANG_CXX_LANGUAGE_STANDARD = "gnu++14";
				CLANG_CXX_LIBRARY = "libc++";
				CLANG_ENABLE_MODULES = YES;
				CLANG_ENABLE_OBJC_ARC = YES;
				CLANG_ENABLE_OBJC_WEAK = YES;
				CLANG_WARN_BLOCK_CAPTURE_AUTORELEASING = YES;
				CLANG_WARN_BOOL_CONVERSION = YES;
				CLANG_WARN_COMMA = YES;
				CLANG_WARN_CONSTANT_CONVERSION = YES;
				CLANG_WARN_DEPRECATED_OBJC_IMPLEMENTATIONS = YES;
				CLANG_WARN_DIRECT_OBJC_ISA_USAGE = YES_ERROR;
				CLANG_WARN_DOCUMENTATION_COMMENTS = YES;
				CLANG_WARN_EMPTY_BODY = YES;
				CLANG_WARN_ENUM_CONVERSION = YES;
				CLANG_WARN_INFINITE_RECURSION = YES;
				CLANG_WARN_INT_CONVERSION = YES;
				CLANG_WARN_NON_LITERAL_NULL_CONVERSION = YES;
				CLANG_WARN_OBJC_IMPLICIT_RETAIN_SELF = YES;
				CLANG_WARN_OBJC_LITERAL_CONVERSION = YES;
				CLANG_WARN_OBJC_ROOT_CLASS = YES_ERROR;
				CLANG_WARN_QUOTED_INCLUDE_IN_FRAMEWORK_HEADER = YES;
				CLANG_WARN_RANGE_LOOP_ANALYSIS = YES;
				CLANG_WARN_STRICT_PROTOTYPES = YES;
				CLANG_WARN_SUSPICIOUS_MOVE = YES;
				CLANG_WARN_UNGUARDED_AVAILABILITY = YES_AGGRESSIVE;
				CLANG_WARN_UNREACHABLE_CODE = YES;
				CLANG_WARN__DUPLICATE_METHOD_MATCH = YES;
				COPY_PHASE_STRIP = NO;
				CURRENT_PROJECT_VERSION = 643;
				DEBUG_INFORMATION_FORMAT = dwarf;
				ENABLE_PREVIEWS = YES;
				ENABLE_STRICT_OBJC_MSGSEND = YES;
				ENABLE_TESTABILITY = YES;
				GCC_C_LANGUAGE_STANDARD = gnu11;
				GCC_DYNAMIC_NO_PIC = NO;
				GCC_NO_COMMON_BLOCKS = YES;
				GCC_OPTIMIZATION_LEVEL = 0;
				GCC_PREPROCESSOR_DEFINITIONS = (
					"$(inherited)",
					"DEBUG=1",
				);
				GCC_WARN_64_TO_32_BIT_CONVERSION = YES;
				GCC_WARN_ABOUT_RETURN_TYPE = YES_ERROR;
				GCC_WARN_UNDECLARED_SELECTOR = YES;
				GCC_WARN_UNINITIALIZED_AUTOS = YES_AGGRESSIVE;
				GCC_WARN_UNUSED_FUNCTION = YES;
				GCC_WARN_UNUSED_VARIABLE = YES;
				MACOSX_DEPLOYMENT_TARGET = 13.0;
				MARKETING_VERSION = 0.9.0;
				MTL_ENABLE_DEBUG_INFO = INCLUDE_SOURCE;
				MTL_FAST_MATH = YES;
				ONLY_ACTIVE_ARCH = YES;
				PRODUCT_NAME = PhantomKnob;
				SDKROOT = macosx;
				SWIFT_ACTIVE_COMPILATION_CONDITIONS = DEBUG;
				SWIFT_OPTIMIZATION_LEVEL = "-Onone";
				SWIFT_VERSION = 5.9;
			};
			name = Debug;
		};
		DC421557D7F8F7BDC1554880 /* Debug */ = {
			isa = XCBuildConfiguration;
			buildSettings = {
				BUILD_LIBRARY_FOR_DISTRIBUTION = NO;
				BUNDLE_LOADER = "$(TEST_HOST)";
				CODE_SIGN_STYLE = Automatic;
				COMBINE_HIDPI_IMAGES = YES;
				GENERATE_INFOPLIST_FILE = YES;
				LD_RUNPATH_SEARCH_PATHS = (
					"$(inherited)",
					"@executable_path/../Frameworks",
					"@loader_path/../Frameworks",
				);
				PRODUCT_BUNDLE_IDENTIFIER = com.phantomknob.PhantomKnobTests;
				PRODUCT_NAME = PhantomKnobTests;
				SDKROOT = macosx;
				TEST_HOST = "$(BUILT_PRODUCTS_DIR)/PhantomKnob.app/Contents/MacOS/PhantomKnob";
			};
			name = Debug;
		};
		F07887C835155F000DC3FC39 /* Release */ = {
			isa = XCBuildConfiguration;
			buildSettings = {
				ALWAYS_SEARCH_USER_PATHS = NO;
				CLANG_ANALYZER_NONNULL = YES;
				CLANG_ANALYZER_NUMBER_OBJECT_CONVERSION = YES_AGGRESSIVE;
				CLANG_CXX_LANGUAGE_STANDARD = "gnu++14";
				CLANG_CXX_LIBRARY = "libc++";
				CLANG_ENABLE_MODULES = YES;
				CLANG_ENABLE_OBJC_ARC = YES;
				CLANG_ENABLE_OBJC_WEAK = YES;
				CLANG_WARN_BLOCK_CAPTURE_AUTORELEASING = YES;
				CLANG_WARN_BOOL_CONVERSION = YES;
				CLANG_WARN_COMMA = YES;
				CLANG_WARN_CONSTANT_CONVERSION = YES;
				CLANG_WARN_DEPRECATED_OBJC_IMPLEMENTATIONS = YES;
				CLANG_WARN_DIRECT_OBJC_ISA_USAGE = YES_ERROR;
				CLANG_WARN_DOCUMENTATION_COMMENTS = YES;
				CLANG_WARN_EMPTY_BODY = YES;
				CLANG_WARN_ENUM_CONVERSION = YES;
				CLANG_WARN_INFINITE_RECURSION = YES;
				CLANG_WARN_INT_CONVERSION = YES;
				CLANG_WARN_NON_LITERAL_NULL_CONVERSION = YES;
				CLANG_WARN_OBJC_IMPLICIT_RETAIN_SELF = YES;
				CLANG_WARN_OBJC_LITERAL_CONVERSION = YES;
				CLANG_WARN_OBJC_ROOT_CLASS = YES_ERROR;
				CLANG_WARN_QUOTED_INCLUDE_IN_FRAMEWORK_HEADER = YES;
				CLANG_WARN_RANGE_LOOP_ANALYSIS = YES;
				CLANG_WARN_STRICT_PROTOTYPES = YES;
				CLANG_WARN_SUSPICIOUS_MOVE = YES;
				CLANG_WARN_UNGUARDED_AVAILABILITY = YES_AGGRESSIVE;
				CLANG_WARN_UNREACHABLE_CODE = YES;
				CLANG_WARN__DUPLICATE_METHOD_MATCH = YES;
				COPY_PHASE_STRIP = NO;
				CURRENT_PROJECT_VERSION = 643;
				DEBUG_INFORMATION_FORMAT = "dwarf-with-dsym";
				ENABLE_NS_ASSERTIONS = NO;
				ENABLE_PREVIEWS = YES;
				ENABLE_STRICT_OBJC_MSGSEND = YES;
				GCC_C_LANGUAGE_STANDARD = gnu11;
				GCC_NO_COMMON_BLOCKS = YES;
				GCC_WARN_64_TO_32_BIT_CONVERSION = YES;
				GCC_WARN_ABOUT_RETURN_TYPE = YES_ERROR;
				GCC_WARN_UNDECLARED_SELECTOR = YES;
				GCC_WARN_UNINITIALIZED_AUTOS = YES_AGGRESSIVE;
				GCC_WARN_UNUSED_FUNCTION = YES;
				GCC_WARN_UNUSED_VARIABLE = YES;
				MACOSX_DEPLOYMENT_TARGET = 13.0;
				MARKETING_VERSION = 0.9.0;
				MTL_ENABLE_DEBUG_INFO = NO;
				MTL_FAST_MATH = YES;
				PRODUCT_NAME = PhantomKnob;
				SDKROOT = macosx;
				SWIFT_COMPILATION_MODE = wholemodule;
				SWIFT_OPTIMIZATION_LEVEL = "-O";
				SWIFT_VERSION = 5.9;
			};
			name = Release;
		};
		F64E8DA0FB3B5EB953365C45 /* Release */ = {
			isa = XCBuildConfiguration;
			buildSettings = {
				ASSETCATALOG_COMPILER_APPICON_NAME = AppIcon;
				CODE_SIGN_ENTITLEMENTS = PhantomKnob.entitlements;
				CODE_SIGN_STYLE = Automatic;
				COMBINE_HIDPI_IMAGES = YES;
				ENABLE_HARDENED_RUNTIME = YES;
				INFOPLIST_FILE = Info.plist;
				LD_RUNPATH_SEARCH_PATHS = (
					"$(inherited)",
					"@executable_path/../Frameworks",
				);
				PRODUCT_BUNDLE_IDENTIFIER = com.phantomknob.PhantomKnob;
				SDKROOT = macosx;
			};
			name = Release;
		};
/* End XCBuildConfiguration section */

/* Begin XCConfigurationList section */
		46D7BEE75368A239D31CEA83 /* Build configuration list for PBXProject "PhantomKnob" */ = {
			isa = XCConfigurationList;
			buildConfigurations = (
				7CEB8C7843679F70A6D4877F /* Debug */,
				F07887C835155F000DC3FC39 /* Release */,
			);
			defaultConfigurationIsVisible = 0;
			defaultConfigurationName = Debug;
		};
		A9D339C24648C25841BE63A9 /* Build configuration list for PBXNativeTarget "PhantomKnob" */ = {
			isa = XCConfigurationList;
			buildConfigurations = (
				715E3B3634A8832E8A378130 /* Debug */,
				F64E8DA0FB3B5EB953365C45 /* Release */,
			);
			defaultConfigurationIsVisible = 0;
			defaultConfigurationName = Debug;
		};
		B39020FF9204EA0567472917 /* Build configuration list for PBXNativeTarget "PhantomKnobTests" */ = {
			isa = XCConfigurationList;
			buildConfigurations = (
				DC421557D7F8F7BDC1554880 /* Debug */,
				1A07255CE7C2A4D7261FD6D7 /* Release */,
			);
			defaultConfigurationIsVisible = 0;
			defaultConfigurationName = Debug;
		};
/* End XCConfigurationList section */

/* Begin XCRemoteSwiftPackageReference section */
		DF549626FCFD0A6D7328085D /* XCRemoteSwiftPackageReference "sentry-cocoa" */ = {
			isa = XCRemoteSwiftPackageReference;
			repositoryURL = "https://github.com/getsentry/sentry-cocoa";
			requirement = {
				kind = upToNextMajorVersion;
				minimumVersion = 8.0.0;
			};
		};
		E89DB602AD5E9BEAE9CB587A /* XCRemoteSwiftPackageReference "Sparkle" */ = {
			isa = XCRemoteSwiftPackageReference;
			repositoryURL = "https://github.com/sparkle-project/Sparkle";
			requirement = {
				kind = upToNextMajorVersion;
				minimumVersion = 2.5.0;
			};
		};
		F2CFC4778C0F22728A036C57 /* XCRemoteSwiftPackageReference "SwiftClient" */ = {
			isa = XCRemoteSwiftPackageReference;
			repositoryURL = "https://github.com/TelemetryDeck/SwiftClient";
			requirement = {
				kind = upToNextMajorVersion;
				minimumVersion = 1.0.0;
			};
		};
/* End XCRemoteSwiftPackageReference section */

/* Begin XCSwiftPackageProductDependency section */
		120041D50B70899FF05F7C9D /* Sparkle */ = {
			isa = XCSwiftPackageProductDependency;
			package = E89DB602AD5E9BEAE9CB587A /* XCRemoteSwiftPackageReference "Sparkle" */;
			productName = Sparkle;
		};
		515DFC2872049E3CF20CE6AB /* TelemetryClient */ = {
			isa = XCSwiftPackageProductDependency;
			package = F2CFC4778C0F22728A036C57 /* XCRemoteSwiftPackageReference "SwiftClient" */;
			productName = TelemetryClient;
		};
		7EC1E3D674732B23AAA3D06E /* Sentry */ = {
			isa = XCSwiftPackageProductDependency;
			package = DF549626FCFD0A6D7328085D /* XCRemoteSwiftPackageReference "sentry-cocoa" */;
			productName = Sentry;
		};
/* End XCSwiftPackageProductDependency section */
	};
	rootObject = B10F9B6433F5F844F0C50F0F /* Project object */;
}
