// !$*UTF8*$!
{
	archiveVersion = 1;
	classes = {
	};
	objectVersion = 77;
	objects = {

/* Begin PBXBuildFile section */
		06580DE356F87888CBB78347 /* KnobAlgorithmTests.swift in Sources */ = {isa = PBXBuildFile; fileRef = 428F89026CB6D1EBB0F60A6D /* KnobAlgorithmTests.swift */; };
		068A5D70F8D6014D695550B9 /* DetectionView.swift in Sources */ = {isa = PBXBuildFile; fileRef = F9BF888045036E4D33E87142 /* DetectionView.swift */; };
		0CF1CFBB29884E5F92AA1388 /* CustomMultiplierTests.swift in Sources */ = {isa = PBXBuildFile; fileRef = B07D3BA772507B56BD32FFF9 /* CustomMultiplierTests.swift */; };
		0F83E34DBBC076110B51B5CC /* DemoViewModel.swift in Sources */ = {isa = PBXBuildFile; fileRef = EB8A9E01587F8DA883ACF61E /* DemoViewModel.swift */; };
		0FDBD160B937B66DF8B0ED51 /* TouchpadDetector.swift in Sources */ = {isa = PBXBuildFile; fileRef = 4D7DB4221E95922F2E1884D1 /* TouchpadDetector.swift */; };
		105C3D67F1A8C97782798A70 /* InputTranslation.swift in Sources */ = {isa = PBXBuildFile; fileRef = FF5C6EC64D1998EC255C1D68 /* InputTranslation.swift */; };
		19CE2CE36339241C9D02E9E5 /* DemoSliderTarget.swift in Sources */ = {isa = PBXBuildFile; fileRef = 625E6EA1DB2526ECCF4ADF7F /* DemoSliderTarget.swift */; };
		1D33BDBEFCBC977D7802767C /* OverlayControllerTests.swift in Sources */ = {isa = PBXBuildFile; fileRef = 9E0FF5175F80D44F0D370DBB /* OverlayControllerTests.swift */; };
		1FB9B96D415A97056EB06D23 /* SensitivityConfigTests.swift in Sources */ = {isa = PBXBuildFile; fileRef = F9265A789C2C6FB2D52CB9EF /* SensitivityConfigTests.swift */; };
		2562CACCF13EC8EA286DECD9 /* SettingsView.swift in Sources */ = {isa = PBXBuildFile; fileRef = 46D21A1016CCFF504806DB7C /* SettingsView.swift */; };
		26191A263CF93346F0E2E4F7 /* ModelTests.swift in Sources */ = {isa = PBXBuildFile; fileRef = 24264A5D15DB56E0316F92E9 /* ModelTests.swift */; };
		2C93E8D96E563EE7A48F4221 /* AccessibilityTarget.swift in Sources */ = {isa = PBXBuildFile; fileRef = 7A1B7A58F52AB85B03F4D90E /* AccessibilityTarget.swift */; };
		2CF5355081F8797F8A86A9D0 /* AccessibilityTargetTests.swift in Sources */ = {isa = PBXBuildFile; fileRef = 9793C661FDF48F0AA09769EC /* AccessibilityTargetTests.swift */; };
		2F53A248E5C602AB00FD6932 /* KnobGlobalStateTests.swift in Sources */ = {isa = PBXBuildFile; fileRef = C01B041A3A1C912B6A7F7082 /* KnobGlobalStateTests.swift */; };
		3288B7D915EC550D6B08A1E1 /* RotationDirection.swift in Sources */ = {isa = PBXBuildFile; fileRef = 8ED4A45AD4D358961A9D50AD /* RotationDirection.swift */; };
		3715C34D7A7682F01D2838E8 /* RuleLibraryTests.swift in Sources */ = {isa = PBXBuildFile; fileRef = 8E0B8A94FD971A1EC3A228DD /* RuleLibraryTests.swift */; };
		3DF916D8EFBDBE33D766213E /* GestureClassifier.swift in Sources */ = {isa = PBXBuildFile; fileRef = EAA66AEFB2BCDBCB45C407F6 /* GestureClassifier.swift */; };
		46511D2472DD4FBDE6EAFBDA /* AppSettings.swift in Sources */ = {isa = PBXBuildFile; fileRef = 125E1B51314278547D4F328C /* AppSettings.swift */; };
		579670092C409BA935F1F37E /* SensitivityConfig.swift in Sources */ = {isa = PBXBuildFile; fileRef = 1CD690D6413B5376C9D69F85 /* SensitivityConfig.swift */; };
		58D667ABD13D95C303E07A79 /* InputTranslator.swift in Sources */ = {isa = PBXBuildFile; fileRef = ABCF2E55B63F3CF7E884CDED /* InputTranslator.swift */; };
		5A6F495E0C4C86B4A010117F /* JSONCParserTests.swift in Sources */ = {isa = PBXBuildFile; fileRef = 2FFA632EF1B39CE01727AB9C /* JSONCParserTests.swift */; };
		603EFC3C20794AF117C5C2FF /* TouchpadView.swift in Sources */ = {isa = PBXBuildFile; fileRef = CA69F6CF9C0E4C465F1CA492 /* TouchpadView.swift */; };
		643A0E8AE1F38355563DA748 /* PhantomKnobDetectorApp.swift in Sources */ = {isa = PBXBuildFile; fileRef = 78935A2232B2B921D06D1C3E /* PhantomKnobDetectorApp.swift */; };
		66BAE0059A081763665E88CC /* ScaleConfigCompatibilityTests.swift in Sources */ = {isa = PBXBuildFile; fileRef = 8658F3CF4D6D9F1A843CDEB8 /* ScaleConfigCompatibilityTests.swift */; };
		708EDD10C5DB34253DD04403 /* ControlRule.swift in Sources */ = {isa = PBXBuildFile; fileRef = 3330DE728756D2277CDAF4A3 /* ControlRule.swift */; };
		70F0F3FB8B565B1744A1DB25 /* GlobalTouchHandler.swift in Sources */ = {isa = PBXBuildFile; fileRef = 37C2D116816B8E043164B2E9 /* GlobalTouchHandler.swift */; };
		71B78FECAA46F865CF3DE386 /* KnobStateManager.swift in Sources */ = {isa = PBXBuildFile; fileRef = CBF9A317D13976C595C6547C /* KnobStateManager.swift */; };
		71FC42E6B649FD5EA29D8350 /* TargetDetector.swift in Sources */ = {isa = PBXBuildFile; fileRef = 2633F10F8AE185E5AD4689B1 /* TargetDetector.swift */; };
		74B2BD3F692F724762F71E61 /* DetectionViewModel.swift in Sources */ = {isa = PBXBuildFile; fileRef = 85899B7353901E0942766439 /* DetectionViewModel.swift */; };
		75E422801790BC4D49A7FEF6 /* MultitouchManager.swift in Sources */ = {isa = PBXBuildFile; fileRef = E4EC4AE8060E8020B7F6581A /* MultitouchManager.swift */; };
		7F64E60C21C84525439EAED8 /* AXWriteTranslator.swift in Sources */ = {isa = PBXBuildFile; fileRef = 055D7294BA7EDA1C6E9AF44C /* AXWriteTranslator.swift */; };
		7FB8A73526D0C484B28AE806 /* TargetDetectorTests.swift in Sources */ = {isa = PBXBuildFile; fileRef = 1D4712482F62AEA70CC6E793 /* TargetDetectorTests.swift */; };
		8BD6FE9DAB63913D9E55842E /* RuleLibrary.swift in Sources */ = {isa = PBXBuildFile; fileRef = D4D5E9215C9F0372FB491362 /* RuleLibrary.swift */; };
		94423B16179FACD6FC1A9E29 /* KnobCore.swift in Sources */ = {isa = PBXBuildFile; fileRef = D0A22A6EFE0609096BA9B8F0 /* KnobCore.swift */; };
		956456C7D26B64CA9DCDADA2 /* ArrowKeyTranslator.swift in Sources */ = {isa = PBXBuildFile; fileRef = AA67AD94ECFE9918BF0D42D7 /* ArrowKeyTranslator.swift */; };
		9900916D33128B1EE0FDAAD0 /* WelcomeView.swift in Sources */ = {isa = PBXBuildFile; fileRef = E50581D3E9773B367BE14E7F /* WelcomeView.swift */; };
		A2A00A9BE1E585561D30D1B4 /* ScaleResolverTests.swift in Sources */ = {isa = PBXBuildFile; fileRef = 5AC9FE7637B5E51561FFE90A /* ScaleResolverTests.swift */; };
		A4915B2B22AB0FA95425F2F8 /* ControlTests.swift in Sources */ = {isa = PBXBuildFile; fileRef = CD8B97CB220881FCBC6E9993 /* ControlTests.swift */; };
		A841CF8D2E3938E0713FBDCF /* InputTranslationTests.swift in Sources */ = {isa = PBXBuildFile; fileRef = C6EF5FF74E6C0C9F7A970AF9 /* InputTranslationTests.swift */; };
		A88E1D5E9F682825F3A003B9 /* DemoView.swift in Sources */ = {isa = PBXBuildFile; fileRef = 41CB20CFB19B9D4DA9B25E05 /* DemoView.swift */; };
		AD972968FE740FB059E11643 /* StorageTests.swift in Sources */ = {isa = PBXBuildFile; fileRef = 5BD520A6E37BFA9CD8FF6F4D /* StorageTests.swift */; };
		C1CA274EE8BA0F822EBCBBC6 /* bundled-rules.json in Resources */ = {isa = PBXBuildFile; fileRef = D6176876BF93FB7E6DA6B6DC /* bundled-rules.json */; };
		C586D7E2FD9D19BE3FC8FF35 /* DetectionResult.swift in Sources */ = {isa = PBXBuildFile; fileRef = 3C3C61CD531E7028F01C6E58 /* DetectionResult.swift */; };
		C725214AB8B20203A236F22C /* KnobState.swift in Sources */ = {isa = PBXBuildFile; fileRef = 4BC2951E8B6D09E13D3E80B5 /* KnobState.swift */; };
		C768C46E74B05AE983BE2BB6 /* DetectionCache.swift in Sources */ = {isa = PBXBuildFile; fileRef = E28627BDF63ADCA91114C2B3 /* DetectionCache.swift */; };
		C99FAC01DD70F3615F4827C5 /* AppViewModel.swift in Sources */ = {isa = PBXBuildFile; fileRef = 5083CD8897F92B14F68C1473 /* AppViewModel.swift */; };
		C9CE0A121A8BA11F68D83EC9 /* ControlTarget.swift in Sources */ = {isa = PBXBuildFile; fileRef = 889B06BD2BD2C8BF36E0EBF0 /* ControlTarget.swift */; };
		D2B25917E0D5CFED64F315E9 /* DetectedTarget.swift in Sources */ = {isa = PBXBuildFile; fileRef = 7C6CF6C828BA0800340EA5B8 /* DetectedTarget.swift */; };
		D906797BED0A61E3458A98F3 /* TouchpadEngine.swift in Sources */ = {isa = PBXBuildFile; fileRef = 6E720FE246909EA3842966A5 /* TouchpadEngine.swift */; };
		DC1C8D08084D999B13A7AFC0 /* KnobCircleView.swift in Sources */ = {isa = PBXBuildFile; fileRef = 08EC3945A4C7D1541B7914B1 /* KnobCircleView.swift */; };
		E1865E732E07872BF222AF14 /* GestureConflictTests.swift in Sources */ = {isa = PBXBuildFile; fileRef = 0E113B8F5A87AB274E02B4CC /* GestureConflictTests.swift */; };
		E3CFCB80F00084CC20E2C96E /* ScrollWheelTranslator.swift in Sources */ = {isa = PBXBuildFile; fileRef = 8635EF77660AF4A566FFAE8F /* ScrollWheelTranslator.swift */; };
		E461695570DA6381F0390C1B /* OverlayView.swift in Sources */ = {isa = PBXBuildFile; fileRef = 9EB0FF255FA2F86096619909 /* OverlayView.swift */; };
		E4662CA73DF3BFFDFB9E5366 /* GenericControlTarget.swift in Sources */ = {isa = PBXBuildFile; fileRef = 0C166CBBF147A9E21FF3CDC3 /* GenericControlTarget.swift */; };
		E64FBA80388C6C036B11E959 /* ScaleResolver.swift in Sources */ = {isa = PBXBuildFile; fileRef = 0151B70E519AE6F0746EACCB /* ScaleResolver.swift */; };
		EB358863FBC9249BEF2CD38C /* KnobGlobalState.swift in Sources */ = {isa = PBXBuildFile; fileRef = 372E9BDDE43BE51C0555E422 /* KnobGlobalState.swift */; };
		F087B139BC0E0BB68233E1F0 /* OverlayController.swift in Sources */ = {isa = PBXBuildFile; fileRef = 2555BD0D885C398F815A6806 /* OverlayController.swift */; };
		F433D0C4FCEFBD47B753172E /* GestureClassifierTests.swift in Sources */ = {isa = PBXBuildFile; fileRef = 6268A4299177BA4DF15AF778 /* GestureClassifierTests.swift */; };
		F50286E49BF18BF660289399 /* StatusBarController.swift in Sources */ = {isa = PBXBuildFile; fileRef = 8B4B47D7DBF39A7ED1B06FE3 /* StatusBarController.swift */; };
		F82FEB0E509E422D0725D6A9 /* ResultView.swift in Sources */ = {isa = PBXBuildFile; fileRef = 8E15AAACA0AFF120616FB1CC /* ResultView.swift */; };
		F91BCA64CB9A52F3CA2395EA /* AppSettingsTests.swift in Sources */ = {isa = PBXBuildFile; fileRef = 6F78957DB97C0018E23D2E49 /* AppSettingsTests.swift */; };
		FD6F3999561FE1829127D058 /* KnobAlgorithm.swift in Sources */ = {isa = PBXBuildFile; fileRef = 434401F1FB3CF7516FA17136 /* KnobAlgorithm.swift */; };
/* End PBXBuildFile section */

/* Begin PBXContainerItemProxy section */
		A4685FB9D60946285BE00B8B /* PBXContainerItemProxy */ = {
			isa = PBXContainerItemProxy;
			containerPortal = F9D549A64AAE54E3F2213EB2 /* Project object */;
			proxyType = 1;
			remoteGlobalIDString = 89FCB8F8CD63DC7BB9E38770;
			remoteInfo = PhantomKnobDetector;
		};
/* End PBXContainerItemProxy section */

/* Begin PBXFileReference section */
		0151B70E519AE6F0746EACCB /* ScaleResolver.swift */ = {isa = PBXFileReference; lastKnownFileType = sourcecode.swift; path = ScaleResolver.swift; sourceTree = "<group>"; };
		055D7294BA7EDA1C6E9AF44C /* AXWriteTranslator.swift */ = {isa = PBXFileReference; lastKnownFileType = sourcecode.swift; path = AXWriteTranslator.swift; sourceTree = "<group>"; };
		08EC3945A4C7D1541B7914B1 /* KnobCircleView.swift */ = {isa = PBXFileReference; lastKnownFileType = sourcecode.swift; path = KnobCircleView.swift; sourceTree = "<group>"; };
		0C166CBBF147A9E21FF3CDC3 /* GenericControlTarget.swift */ = {isa = PBXFileReference; lastKnownFileType = sourcecode.swift; path = GenericControlTarget.swift; sourceTree = "<group>"; };
		0E113B8F5A87AB274E02B4CC /* GestureConflictTests.swift */ = {isa = PBXFileReference; lastKnownFileType = sourcecode.swift; path = GestureConflictTests.swift; sourceTree = "<group>"; };
		125E1B51314278547D4F328C /* AppSettings.swift */ = {isa = PBXFileReference; lastKnownFileType = sourcecode.swift; path = AppSettings.swift; sourceTree = "<group>"; };
		1CD690D6413B5376C9D69F85 /* SensitivityConfig.swift */ = {isa = PBXFileReference; lastKnownFileType = sourcecode.swift; path = SensitivityConfig.swift; sourceTree = "<group>"; };
		1D4712482F62AEA70CC6E793 /* TargetDetectorTests.swift */ = {isa = PBXFileReference; lastKnownFileType = sourcecode.swift; path = TargetDetectorTests.swift; sourceTree = "<group>"; };
		24264A5D15DB56E0316F92E9 /* ModelTests.swift */ = {isa = PBXFileReference; lastKnownFileType = sourcecode.swift; path = ModelTests.swift; sourceTree = "<group>"; };
		2555BD0D885C398F815A6806 /* OverlayController.swift */ = {isa = PBXFileReference; lastKnownFileType = sourcecode.swift; path = OverlayController.swift; sourceTree = "<group>"; };
		2633F10F8AE185E5AD4689B1 /* TargetDetector.swift */ = {isa = PBXFileReference; lastKnownFileType = sourcecode.swift; path = TargetDetector.swift; sourceTree = "<group>"; };
		2FFA632EF1B39CE01727AB9C /* JSONCParserTests.swift */ = {isa = PBXFileReference; lastKnownFileType = sourcecode.swift; path = JSONCParserTests.swift; sourceTree = "<group>"; };
		3330DE728756D2277CDAF4A3 /* ControlRule.swift */ = {isa = PBXFileReference; lastKnownFileType = sourcecode.swift; path = ControlRule.swift; sourceTree = "<group>"; };
		372E9BDDE43BE51C0555E422 /* KnobGlobalState.swift */ = {isa = PBXFileReference; lastKnownFileType = sourcecode.swift; path = KnobGlobalState.swift; sourceTree = "<group>"; };
		37C2D116816B8E043164B2E9 /* GlobalTouchHandler.swift */ = {isa = PBXFileReference; lastKnownFileType = sourcecode.swift; path = GlobalTouchHandler.swift; sourceTree = "<group>"; };
		3C3C61CD531E7028F01C6E58 /* DetectionResult.swift */ = {isa = PBXFileReference; lastKnownFileType = sourcecode.swift; path = DetectionResult.swift; sourceTree = "<group>"; };
		41CB20CFB19B9D4DA9B25E05 /* DemoView.swift */ = {isa = PBXFileReference; lastKnownFileType = sourcecode.swift; path = DemoView.swift; sourceTree = "<group>"; };
		428F89026CB6D1EBB0F60A6D /* KnobAlgorithmTests.swift */ = {isa = PBXFileReference; lastKnownFileType = sourcecode.swift; path = KnobAlgorithmTests.swift; sourceTree = "<group>"; };
		434401F1FB3CF7516FA17136 /* KnobAlgorithm.swift */ = {isa = PBXFileReference; lastKnownFileType = sourcecode.swift; path = KnobAlgorithm.swift; sourceTree = "<group>"; };
		46D21A1016CCFF504806DB7C /* SettingsView.swift */ = {isa = PBXFileReference; lastKnownFileType = sourcecode.swift; path = SettingsView.swift; sourceTree = "<group>"; };
		4BC2951E8B6D09E13D3E80B5 /* KnobState.swift */ = {isa = PBXFileReference; lastKnownFileType = sourcecode.swift; path = KnobState.swift; sourceTree = "<group>"; };
		4D7DB4221E95922F2E1884D1 /* TouchpadDetector.swift */ = {isa = PBXFileReference; lastKnownFileType = sourcecode.swift; path = TouchpadDetector.swift; sourceTree = "<group>"; };
		5083CD8897F92B14F68C1473 /* AppViewModel.swift */ = {isa = PBXFileReference; lastKnownFileType = sourcecode.swift; path = AppViewModel.swift; sourceTree = "<group>"; };
		5AC9FE7637B5E51561FFE90A /* ScaleResolverTests.swift */ = {isa = PBXFileReference; lastKnownFileType = sourcecode.swift; path = ScaleResolverTests.swift; sourceTree = "<group>"; };
		5BD520A6E37BFA9CD8FF6F4D /* StorageTests.swift */ = {isa = PBXFileReference; lastKnownFileType = sourcecode.swift; path = StorageTests.swift; sourceTree = "<group>"; };
		625E6EA1DB2526ECCF4ADF7F /* DemoSliderTarget.swift */ = {isa = PBXFileReference; lastKnownFileType = sourcecode.swift; path = DemoSliderTarget.swift; sourceTree = "<group>"; };
		6268A4299177BA4DF15AF778 /* GestureClassifierTests.swift */ = {isa = PBXFileReference; lastKnownFileType = sourcecode.swift; path = GestureClassifierTests.swift; sourceTree = "<group>"; };
		6E720FE246909EA3842966A5 /* TouchpadEngine.swift */ = {isa = PBXFileReference; lastKnownFileType = sourcecode.swift; path = TouchpadEngine.swift; sourceTree = "<group>"; };
		6F78957DB97C0018E23D2E49 /* AppSettingsTests.swift */ = {isa = PBXFileReference; lastKnownFileType = sourcecode.swift; path = AppSettingsTests.swift; sourceTree = "<group>"; };
		78935A2232B2B921D06D1C3E /* PhantomKnobDetectorApp.swift */ = {isa = PBXFileReference; lastKnownFileType = sourcecode.swift; path = PhantomKnobDetectorApp.swift; sourceTree = "<group>"; };
		7A1B7A58F52AB85B03F4D90E /* AccessibilityTarget.swift */ = {isa = PBXFileReference; lastKnownFileType = sourcecode.swift; path = AccessibilityTarget.swift; sourceTree = "<group>"; };
		7C6CF6C828BA0800340EA5B8 /* DetectedTarget.swift */ = {isa = PBXFileReference; lastKnownFileType = sourcecode.swift; path = DetectedTarget.swift; sourceTree = "<group>"; };
		85899B7353901E0942766439 /* DetectionViewModel.swift */ = {isa = PBXFileReference; lastKnownFileType = sourcecode.swift; path = DetectionViewModel.swift; sourceTree = "<group>"; };
		8635EF77660AF4A566FFAE8F /* ScrollWheelTranslator.swift */ = {isa = PBXFileReference; lastKnownFileType = sourcecode.swift; path = ScrollWheelTranslator.swift; sourceTree = "<group>"; };
		8658F3CF4D6D9F1A843CDEB8 /* ScaleConfigCompatibilityTests.swift */ = {isa = PBXFileReference; lastKnownFileType = sourcecode.swift; path = ScaleConfigCompatibilityTests.swift; sourceTree = "<group>"; };
		889B06BD2BD2C8BF36E0EBF0 /* ControlTarget.swift */ = {isa = PBXFileReference; lastKnownFileType = sourcecode.swift; path = ControlTarget.swift; sourceTree = "<group>"; };
		8B4B47D7DBF39A7ED1B06FE3 /* StatusBarController.swift */ = {isa = PBXFileReference; lastKnownFileType = sourcecode.swift; path = StatusBarController.swift; sourceTree = "<group>"; };
		8E0B8A94FD971A1EC3A228DD /* RuleLibraryTests.swift */ = {isa = PBXFileReference; lastKnownFileType = sourcecode.swift; path = RuleLibraryTests.swift; sourceTree = "<group>"; };
		8E15AAACA0AFF120616FB1CC /* ResultView.swift */ = {isa = PBXFileReference; lastKnownFileType = sourcecode.swift; path = ResultView.swift; sourceTree = "<group>"; };
		8ED4A45AD4D358961A9D50AD /* RotationDirection.swift */ = {isa = PBXFileReference; lastKnownFileType = sourcecode.swift; path = RotationDirection.swift; sourceTree = "<group>"; };
		95BA3A7D77928B20CB7C72D7 /* PhantomKnobDetector.app */ = {isa = PBXFileReference; explicitFileType = wrapper.application; includeInIndex = 0; path = PhantomKnobDetector.app; sourceTree = BUILT_PRODUCTS_DIR; };
		9793C661FDF48F0AA09769EC /* AccessibilityTargetTests.swift */ = {isa = PBXFileReference; lastKnownFileType = sourcecode.swift; path = AccessibilityTargetTests.swift; sourceTree = "<group>"; };
		988EF2ABA55EF55B9A723AE1 /* PhantomKnobDetectorTests.xctest */ = {isa = PBXFileReference; explicitFileType = wrapper.cfbundle; includeInIndex = 0; path = PhantomKnobDetectorTests.xctest; sourceTree = BUILT_PRODUCTS_DIR; };
		9E0FF5175F80D44F0D370DBB /* OverlayControllerTests.swift */ = {isa = PBXFileReference; lastKnownFileType = sourcecode.swift; path = OverlayControllerTests.swift; sourceTree = "<group>"; };
		9EB0FF255FA2F86096619909 /* OverlayView.swift */ = {isa = PBXFileReference; lastKnownFileType = sourcecode.swift; path = OverlayView.swift; sourceTree = "<group>"; };
		AA67AD94ECFE9918BF0D42D7 /* ArrowKeyTranslator.swift */ = {isa = PBXFileReference; lastKnownFileType = sourcecode.swift; path = ArrowKeyTranslator.swift; sourceTree = "<group>"; };
		ABCF2E55B63F3CF7E884CDED /* InputTranslator.swift */ = {isa = PBXFileReference; lastKnownFileType = sourcecode.swift; path = InputTranslator.swift; sourceTree = "<group>"; };
		B07D3BA772507B56BD32FFF9 /* CustomMultiplierTests.swift */ = {isa = PBXFileReference; lastKnownFileType = sourcecode.swift; path = CustomMultiplierTests.swift; sourceTree = "<group>"; };
		C01B041A3A1C912B6A7F7082 /* KnobGlobalStateTests.swift */ = {isa = PBXFileReference; lastKnownFileType = sourcecode.swift; path = KnobGlobalStateTests.swift; sourceTree = "<group>"; };
		C6EF5FF74E6C0C9F7A970AF9 /* InputTranslationTests.swift */ = {isa = PBXFileReference; lastKnownFileType = sourcecode.swift; path = InputTranslationTests.swift; sourceTree = "<group>"; };
		CA69F6CF9C0E4C465F1CA492 /* TouchpadView.swift */ = {isa = PBXFileReference; lastKnownFileType = sourcecode.swift; path = TouchpadView.swift; sourceTree = "<group>"; };
		CBF9A317D13976C595C6547C /* KnobStateManager.swift */ = {isa = PBXFileReference; lastKnownFileType = sourcecode.swift; path = KnobStateManager.swift; sourceTree = "<group>"; };
		CD8B97CB220881FCBC6E9993 /* ControlTests.swift */ = {isa = PBXFileReference; lastKnownFileType = sourcecode.swift; path = ControlTests.swift; sourceTree = "<group>"; };
		D0A22A6EFE0609096BA9B8F0 /* KnobCore.swift */ = {isa = PBXFileReference; lastKnownFileType = sourcecode.swift; path = KnobCore.swift; sourceTree = "<group>"; };
		D4D5E9215C9F0372FB491362 /* RuleLibrary.swift */ = {isa = PBXFileReference; lastKnownFileType = sourcecode.swift; path = RuleLibrary.swift; sourceTree = "<group>"; };
		D6176876BF93FB7E6DA6B6DC /* bundled-rules.json */ = {isa = PBXFileReference; lastKnownFileType = text.json; path = "bundled-rules.json"; sourceTree = "<group>"; };
		E28627BDF63ADCA91114C2B3 /* DetectionCache.swift */ = {isa = PBXFileReference; lastKnownFileType = sourcecode.swift; path = DetectionCache.swift; sourceTree = "<group>"; };
		E4EC4AE8060E8020B7F6581A /* MultitouchManager.swift */ = {isa = PBXFileReference; lastKnownFileType = sourcecode.swift; path = MultitouchManager.swift; sourceTree = "<group>"; };
		E50581D3E9773B367BE14E7F /* WelcomeView.swift */ = {isa = PBXFileReference; lastKnownFileType = sourcecode.swift; path = WelcomeView.swift; sourceTree = "<group>"; };
		EAA66AEFB2BCDBCB45C407F6 /* GestureClassifier.swift */ = {isa = PBXFileReference; lastKnownFileType = sourcecode.swift; path = GestureClassifier.swift; sourceTree = "<group>"; };
		EB8A9E01587F8DA883ACF61E /* DemoViewModel.swift */ = {isa = PBXFileReference; lastKnownFileType = sourcecode.swift; path = DemoViewModel.swift; sourceTree = "<group>"; };
		F9265A789C2C6FB2D52CB9EF /* SensitivityConfigTests.swift */ = {isa = PBXFileReference; lastKnownFileType = sourcecode.swift; path = SensitivityConfigTests.swift; sourceTree = "<group>"; };
		F9BF888045036E4D33E87142 /* DetectionView.swift */ = {isa = PBXFileReference; lastKnownFileType = sourcecode.swift; path = DetectionView.swift; sourceTree = "<group>"; };
		FF5C6EC64D1998EC255C1D68 /* InputTranslation.swift */ = {isa = PBXFileReference; lastKnownFileType = sourcecode.swift; path = InputTranslation.swift; sourceTree = "<group>"; };
/* End PBXFileReference section */

/* Begin PBXGroup section */
		0E0B68874438C72E95D8E447 /* Components */ = {
			isa = PBXGroup;
			children = (
				08EC3945A4C7D1541B7914B1 /* KnobCircleView.swift */,
				CA69F6CF9C0E4C465F1CA492 /* TouchpadView.swift */,
			);
			path = Components;
			sourceTree = "<group>";
		};
		23840BE4CBEA0952A5DB60E9 /* App */ = {
			isa = PBXGroup;
			children = (
				D6176876BF93FB7E6DA6B6DC /* bundled-rules.json */,
				78935A2232B2B921D06D1C3E /* PhantomKnobDetectorApp.swift */,
			);
			path = App;
			sourceTree = "<group>";
		};
		30E15729A008B66CECCE958E /* Control */ = {
			isa = PBXGroup;
			children = (
				AA67AD94ECFE9918BF0D42D7 /* ArrowKeyTranslator.swift */,
				055D7294BA7EDA1C6E9AF44C /* AXWriteTranslator.swift */,
				889B06BD2BD2C8BF36E0EBF0 /* ControlTarget.swift */,
				625E6EA1DB2526ECCF4ADF7F /* DemoSliderTarget.swift */,
				0C166CBBF147A9E21FF3CDC3 /* GenericControlTarget.swift */,
				ABCF2E55B63F3CF7E884CDED /* InputTranslator.swift */,
				8635EF77660AF4A566FFAE8F /* ScrollWheelTranslator.swift */,
			);
			path = Control;
			sourceTree = "<group>";
		};
		31AB9C1039AA9F69F035C566 = {
			isa = PBXGroup;
			children = (
				23840BE4CBEA0952A5DB60E9 /* App */,
				30E15729A008B66CECCE958E /* Control */,
				F8D1A488CA13B084A932747A /* Model */,
				429E45E435054796D224634E /* PhantomKnobDetectorTests */,
				9C8E99B5F517E08D70B19A0D /* Service */,
				715852F8B2B7F918E249226E /* Storage */,
				F28D610879DC6F3748FCD0A0 /* View */,
				6716C6363D3950BD974FD4A8 /* ViewModel */,
				CF915CA5A36174B3E44F4202 /* Products */,
			);
			sourceTree = "<group>";
		};
		429E45E435054796D224634E /* PhantomKnobDetectorTests */ = {
			isa = PBXGroup;
			children = (
				9793C661FDF48F0AA09769EC /* AccessibilityTargetTests.swift */,
				6F78957DB97C0018E23D2E49 /* AppSettingsTests.swift */,
				CD8B97CB220881FCBC6E9993 /* ControlTests.swift */,
				B07D3BA772507B56BD32FFF9 /* CustomMultiplierTests.swift */,
				6268A4299177BA4DF15AF778 /* GestureClassifierTests.swift */,
				0E113B8F5A87AB274E02B4CC /* GestureConflictTests.swift */,
				C6EF5FF74E6C0C9F7A970AF9 /* InputTranslationTests.swift */,
				2FFA632EF1B39CE01727AB9C /* JSONCParserTests.swift */,
				428F89026CB6D1EBB0F60A6D /* KnobAlgorithmTests.swift */,
				C01B041A3A1C912B6A7F7082 /* KnobGlobalStateTests.swift */,
				24264A5D15DB56E0316F92E9 /* ModelTests.swift */,
				9E0FF5175F80D44F0D370DBB /* OverlayControllerTests.swift */,
				8E0B8A94FD971A1EC3A228DD /* RuleLibraryTests.swift */,
				8658F3CF4D6D9F1A843CDEB8 /* ScaleConfigCompatibilityTests.swift */,
				5AC9FE7637B5E51561FFE90A /* ScaleResolverTests.swift */,
				F9265A789C2C6FB2D52CB9EF /* SensitivityConfigTests.swift */,
				5BD520A6E37BFA9CD8FF6F4D /* StorageTests.swift */,
				1D4712482F62AEA70CC6E793 /* TargetDetectorTests.swift */,
			);
			path = PhantomKnobDetectorTests;
			sourceTree = "<group>";
		};
		6716C6363D3950BD974FD4A8 /* ViewModel */ = {
			isa = PBXGroup;
			children = (
				5083CD8897F92B14F68C1473 /* AppViewModel.swift */,
				EB8A9E01587F8DA883ACF61E /* DemoViewModel.swift */,
				85899B7353901E0942766439 /* DetectionViewModel.swift */,
			);
			path = ViewModel;
			sourceTree = "<group>";
		};
		715852F8B2B7F918E249226E /* Storage */ = {
			isa = PBXGroup;
			children = (
				E28627BDF63ADCA91114C2B3 /* DetectionCache.swift */,
				D4D5E9215C9F0372FB491362 /* RuleLibrary.swift */,
			);
			path = Storage;
			sourceTree = "<group>";
		};
		9C8E99B5F517E08D70B19A0D /* Service */ = {
			isa = PBXGroup;
			children = (
				7A1B7A58F52AB85B03F4D90E /* AccessibilityTarget.swift */,
				EAA66AEFB2BCDBCB45C407F6 /* GestureClassifier.swift */,
				37C2D116816B8E043164B2E9 /* GlobalTouchHandler.swift */,
				434401F1FB3CF7516FA17136 /* KnobAlgorithm.swift */,
				CBF9A317D13976C595C6547C /* KnobStateManager.swift */,
				E4EC4AE8060E8020B7F6581A /* MultitouchManager.swift */,
				2555BD0D885C398F815A6806 /* OverlayController.swift */,
				0151B70E519AE6F0746EACCB /* ScaleResolver.swift */,
				8B4B47D7DBF39A7ED1B06FE3 /* StatusBarController.swift */,
				2633F10F8AE185E5AD4689B1 /* TargetDetector.swift */,
				4D7DB4221E95922F2E1884D1 /* TouchpadDetector.swift */,
				6E720FE246909EA3842966A5 /* TouchpadEngine.swift */,
			);
			path = Service;
			sourceTree = "<group>";
		};
		CF915CA5A36174B3E44F4202 /* Products */ = {
			isa = PBXGroup;
			children = (
				95BA3A7D77928B20CB7C72D7 /* PhantomKnobDetector.app */,
				988EF2ABA55EF55B9A723AE1 /* PhantomKnobDetectorTests.xctest */,
			);
			name = Products;
			sourceTree = "<group>";
		};
		F28D610879DC6F3748FCD0A0 /* View */ = {
			isa = PBXGroup;
			children = (
				41CB20CFB19B9D4DA9B25E05 /* DemoView.swift */,
				F9BF888045036E4D33E87142 /* DetectionView.swift */,
				9EB0FF255FA2F86096619909 /* OverlayView.swift */,
				8E15AAACA0AFF120616FB1CC /* ResultView.swift */,
				46D21A1016CCFF504806DB7C /* SettingsView.swift */,
				E50581D3E9773B367BE14E7F /* WelcomeView.swift */,
				0E0B68874438C72E95D8E447 /* Components */,
			);
			path = View;
			sourceTree = "<group>";
		};
		F8D1A488CA13B084A932747A /* Model */ = {
			isa = PBXGroup;
			children = (
				125E1B51314278547D4F328C /* AppSettings.swift */,
				3330DE728756D2277CDAF4A3 /* ControlRule.swift */,
				7C6CF6C828BA0800340EA5B8 /* DetectedTarget.swift */,
				3C3C61CD531E7028F01C6E58 /* DetectionResult.swift */,
				FF5C6EC64D1998EC255C1D68 /* InputTranslation.swift */,
				D0A22A6EFE0609096BA9B8F0 /* KnobCore.swift */,
				372E9BDDE43BE51C0555E422 /* KnobGlobalState.swift */,
				4BC2951E8B6D09E13D3E80B5 /* KnobState.swift */,
				8ED4A45AD4D358961A9D50AD /* RotationDirection.swift */,
				1CD690D6413B5376C9D69F85 /* SensitivityConfig.swift */,
			);
			path = Model;
			sourceTree = "<group>";
		};
/* End PBXGroup section */

/* Begin PBXNativeTarget section */
		5E3D68853F8EB3C1DA9C873C /* PhantomKnobDetectorTests */ = {
			isa = PBXNativeTarget;
			buildConfigurationList = 3B449771964BAB789D37CB55 /* Build configuration list for PBXNativeTarget "PhantomKnobDetectorTests" */;
			buildPhases = (
				2B38F78F4DEA8113EE161B53 /* Sources */,
			);
			buildRules = (
			);
			dependencies = (
				B5D4BD1276D9945B65996CC7 /* PBXTargetDependency */,
			);
			name = PhantomKnobDetectorTests;
			packageProductDependencies = (
			);
			productName = PhantomKnobDetectorTests;
			productReference = 988EF2ABA55EF55B9A723AE1 /* PhantomKnobDetectorTests.xctest */;
			productType = "com.apple.product-type.bundle.unit-test";
		};
		89FCB8F8CD63DC7BB9E38770 /* PhantomKnobDetector */ = {
			isa = PBXNativeTarget;
			buildConfigurationList = 7D1953523395A53498E24B37 /* Build configuration list for PBXNativeTarget "PhantomKnobDetector" */;
			buildPhases = (
				9793DCB3187976C0A3E99677 /* Sources */,
				8ADC8B12A47147F9CB3AFE3C /* Resources */,
			);
			buildRules = (
			);
			dependencies = (
			);
			name = PhantomKnobDetector;
			packageProductDependencies = (
			);
			productName = PhantomKnobDetector;
			productReference = 95BA3A7D77928B20CB7C72D7 /* PhantomKnobDetector.app */;
			productType = "com.apple.product-type.application";
		};
/* End PBXNativeTarget section */

/* Begin PBXProject section */
		F9D549A64AAE54E3F2213EB2 /* Project object */ = {
			isa = PBXProject;
			attributes = {
				BuildIndependentTargetsInParallel = YES;
				LastUpgradeCheck = 1500;
				TargetAttributes = {
					5E3D68853F8EB3C1DA9C873C = {
						ProvisioningStyle = Automatic;
					};
					89FCB8F8CD63DC7BB9E38770 = {
						ProvisioningStyle = Automatic;
					};
				};
			};
			buildConfigurationList = 048FCCA3AF17FE34B453A41C /* Build configuration list for PBXProject "PhantomKnobDetector" */;
			developmentRegion = en;
			hasScannedForEncodings = 0;
			knownRegions = (
				Base,
				en,
			);
			mainGroup = 31AB9C1039AA9F69F035C566;
			minimizedProjectReferenceProxies = 1;
			preferredProjectObjectVersion = 77;
			productRefGroup = CF915CA5A36174B3E44F4202 /* Products */;
			projectDirPath = "";
			projectRoot = "";
			targets = (
				89FCB8F8CD63DC7BB9E38770 /* PhantomKnobDetector */,
				5E3D68853F8EB3C1DA9C873C /* PhantomKnobDetectorTests */,
			);
		};
/* End PBXProject section */

/* Begin PBXResourcesBuildPhase section */
		8ADC8B12A47147F9CB3AFE3C /* Resources */ = {
			isa = PBXResourcesBuildPhase;
			buildActionMask = 2147483647;
			files = (
				C1CA274EE8BA0F822EBCBBC6 /* bundled-rules.json in Resources */,
			);
			runOnlyForDeploymentPostprocessing = 0;
		};
/* End PBXResourcesBuildPhase section */

/* Begin PBXSourcesBuildPhase section */
		2B38F78F4DEA8113EE161B53 /* Sources */ = {
			isa = PBXSourcesBuildPhase;
			buildActionMask = 2147483647;
			files = (
				2CF5355081F8797F8A86A9D0 /* AccessibilityTargetTests.swift in Sources */,
				F91BCA64CB9A52F3CA2395EA /* AppSettingsTests.swift in Sources */,
				A4915B2B22AB0FA95425F2F8 /* ControlTests.swift in Sources */,
				0CF1CFBB29884E5F92AA1388 /* CustomMultiplierTests.swift in Sources */,
				F433D0C4FCEFBD47B753172E /* GestureClassifierTests.swift in Sources */,
				E1865E732E07872BF222AF14 /* GestureConflictTests.swift in Sources */,
				A841CF8D2E3938E0713FBDCF /* InputTranslationTests.swift in Sources */,
				5A6F495E0C4C86B4A010117F /* JSONCParserTests.swift in Sources */,
				06580DE356F87888CBB78347 /* KnobAlgorithmTests.swift in Sources */,
				2F53A248E5C602AB00FD6932 /* KnobGlobalStateTests.swift in Sources */,
				26191A263CF93346F0E2E4F7 /* ModelTests.swift in Sources */,
				1D33BDBEFCBC977D7802767C /* OverlayControllerTests.swift in Sources */,
				3715C34D7A7682F01D2838E8 /* RuleLibraryTests.swift in Sources */,
				66BAE0059A081763665E88CC /* ScaleConfigCompatibilityTests.swift in Sources */,
				A2A00A9BE1E585561D30D1B4 /* ScaleResolverTests.swift in Sources */,
				1FB9B96D415A97056EB06D23 /* SensitivityConfigTests.swift in Sources */,
				AD972968FE740FB059E11643 /* StorageTests.swift in Sources */,
				7FB8A73526D0C484B28AE806 /* TargetDetectorTests.swift in Sources */,
			);
			runOnlyForDeploymentPostprocessing = 0;
		};
		9793DCB3187976C0A3E99677 /* Sources */ = {
			isa = PBXSourcesBuildPhase;
			buildActionMask = 2147483647;
			files = (
				7F64E60C21C84525439EAED8 /* AXWriteTranslator.swift in Sources */,
				2C93E8D96E563EE7A48F4221 /* AccessibilityTarget.swift in Sources */,
				46511D2472DD4FBDE6EAFBDA /* AppSettings.swift in Sources */,
				C99FAC01DD70F3615F4827C5 /* AppViewModel.swift in Sources */,
				956456C7D26B64CA9DCDADA2 /* ArrowKeyTranslator.swift in Sources */,
				708EDD10C5DB34253DD04403 /* ControlRule.swift in Sources */,
				C9CE0A121A8BA11F68D83EC9 /* ControlTarget.swift in Sources */,
				19CE2CE36339241C9D02E9E5 /* DemoSliderTarget.swift in Sources */,
				A88E1D5E9F682825F3A003B9 /* DemoView.swift in Sources */,
				0F83E34DBBC076110B51B5CC /* DemoViewModel.swift in Sources */,
				D2B25917E0D5CFED64F315E9 /* DetectedTarget.swift in Sources */,
				C768C46E74B05AE983BE2BB6 /* DetectionCache.swift in Sources */,
				C586D7E2FD9D19BE3FC8FF35 /* DetectionResult.swift in Sources */,
				068A5D70F8D6014D695550B9 /* DetectionView.swift in Sources */,
				74B2BD3F692F724762F71E61 /* DetectionViewModel.swift in Sources */,
				E4662CA73DF3BFFDFB9E5366 /* GenericControlTarget.swift in Sources */,
				3DF916D8EFBDBE33D766213E /* GestureClassifier.swift in Sources */,
				70F0F3FB8B565B1744A1DB25 /* GlobalTouchHandler.swift in Sources */,
				105C3D67F1A8C97782798A70 /* InputTranslation.swift in Sources */,
				58D667ABD13D95C303E07A79 /* InputTranslator.swift in Sources */,
				FD6F3999561FE1829127D058 /* KnobAlgorithm.swift in Sources */,
				DC1C8D08084D999B13A7AFC0 /* KnobCircleView.swift in Sources */,
				94423B16179FACD6FC1A9E29 /* KnobCore.swift in Sources */,
				EB358863FBC9249BEF2CD38C /* KnobGlobalState.swift in Sources */,
				C725214AB8B20203A236F22C /* KnobState.swift in Sources */,
				71B78FECAA46F865CF3DE386 /* KnobStateManager.swift in Sources */,
				75E422801790BC4D49A7FEF6 /* MultitouchManager.swift in Sources */,
				F087B139BC0E0BB68233E1F0 /* OverlayController.swift in Sources */,
				E461695570DA6381F0390C1B /* OverlayView.swift in Sources */,
				643A0E8AE1F38355563DA748 /* PhantomKnobDetectorApp.swift in Sources */,
				F82FEB0E509E422D0725D6A9 /* ResultView.swift in Sources */,
				3288B7D915EC550D6B08A1E1 /* RotationDirection.swift in Sources */,
				8BD6FE9DAB63913D9E55842E /* RuleLibrary.swift in Sources */,
				E64FBA80388C6C036B11E959 /* ScaleResolver.swift in Sources */,
				E3CFCB80F00084CC20E2C96E /* ScrollWheelTranslator.swift in Sources */,
				579670092C409BA935F1F37E /* SensitivityConfig.swift in Sources */,
				2562CACCF13EC8EA286DECD9 /* SettingsView.swift in Sources */,
				F50286E49BF18BF660289399 /* StatusBarController.swift in Sources */,
				71FC42E6B649FD5EA29D8350 /* TargetDetector.swift in Sources */,
				0FDBD160B937B66DF8B0ED51 /* TouchpadDetector.swift in Sources */,
				D906797BED0A61E3458A98F3 /* TouchpadEngine.swift in Sources */,
				603EFC3C20794AF117C5C2FF /* TouchpadView.swift in Sources */,
				9900916D33128B1EE0FDAAD0 /* WelcomeView.swift in Sources */,
			);
			runOnlyForDeploymentPostprocessing = 0;
		};
/* End PBXSourcesBuildPhase section */

/* Begin PBXTargetDependency section */
		B5D4BD1276D9945B65996CC7 /* PBXTargetDependency */ = {
			isa = PBXTargetDependency;
			target = 89FCB8F8CD63DC7BB9E38770 /* PhantomKnobDetector */;
			targetProxy = A4685FB9D60946285BE00B8B /* PBXContainerItemProxy */;
		};
/* End PBXTargetDependency section */

/* Begin XCBuildConfiguration section */
		13AD7E3D871F640ED5BD92A9 /* Debug */ = {
			isa = XCBuildConfiguration;
			buildSettings = {
				ASSETCATALOG_COMPILER_APPICON_NAME = AppIcon;
				CODE_SIGN_ENTITLEMENTS = PhantomKnobDetector.entitlements;
				CODE_SIGN_STYLE = Automatic;
				COMBINE_HIDPI_IMAGES = YES;
				ENABLE_HARDENED_RUNTIME = YES;
				INFOPLIST_FILE = Info.plist;
				LD_RUNPATH_SEARCH_PATHS = (
					"$(inherited)",
					"@executable_path/../Frameworks",
				);
				PRODUCT_BUNDLE_IDENTIFIER = com.phantomknob.PhantomKnobDetector;
				SDKROOT = macosx;
			};
			name = Debug;
		};
		2FDE9E4DA15262FCBDC24DA1 /* Release */ = {
			isa = XCBuildConfiguration;
			buildSettings = {
				BUILD_LIBRARY_FOR_DISTRIBUTION = NO;
				BUNDLE_LOADER = "$(TEST_HOST)";
				CODE_SIGN_STYLE = Automatic;
				COMBINE_HIDPI_IMAGES = YES;
				GENERATE_INFOPLIST_FILE = YES;
				LD_RUNPATH_SEARCH_PATHS = (
					"$(inherited)",
					"@executable_path/../Frameworks",
					"@loader_path/../Frameworks",
				);
				PRODUCT_BUNDLE_IDENTIFIER = com.phantomknob.PhantomKnobDetectorTests;
				PRODUCT_NAME = PhantomKnobDetectorTests;
				SDKROOT = macosx;
				TEST_HOST = "$(BUILT_PRODUCTS_DIR)/PhantomKnobDetector.app/Contents/MacOS/PhantomKnobDetector";
			};
			name = Release;
		};
		6300DEF30ACF5BC6D7563F7B /* Release */ = {
			isa = XCBuildConfiguration;
			buildSettings = {
				ALWAYS_SEARCH_USER_PATHS = NO;
				CLANG_ANALYZER_NONNULL = YES;
				CLANG_ANALYZER_NUMBER_OBJECT_CONVERSION = YES_AGGRESSIVE;
				CLANG_CXX_LANGUAGE_STANDARD = "gnu++14";
				CLANG_CXX_LIBRARY = "libc++";
				CLANG_ENABLE_MODULES = YES;
				CLANG_ENABLE_OBJC_ARC = YES;
				CLANG_ENABLE_OBJC_WEAK = YES;
				CLANG_WARN_BLOCK_CAPTURE_AUTORELEASING = YES;
				CLANG_WARN_BOOL_CONVERSION = YES;
				CLANG_WARN_COMMA = YES;
				CLANG_WARN_CONSTANT_CONVERSION = YES;
				CLANG_WARN_DEPRECATED_OBJC_IMPLEMENTATIONS = YES;
				CLANG_WARN_DIRECT_OBJC_ISA_USAGE = YES_ERROR;
				CLANG_WARN_DOCUMENTATION_COMMENTS = YES;
				CLANG_WARN_EMPTY_BODY = YES;
				CLANG_WARN_ENUM_CONVERSION = YES;
				CLANG_WARN_INFINITE_RECURSION = YES;
				CLANG_WARN_INT_CONVERSION = YES;
				CLANG_WARN_NON_LITERAL_NULL_CONVERSION = YES;
				CLANG_WARN_OBJC_IMPLICIT_RETAIN_SELF = YES;
				CLANG_WARN_OBJC_LITERAL_CONVERSION = YES;
				CLANG_WARN_OBJC_ROOT_CLASS = YES_ERROR;
				CLANG_WARN_QUOTED_INCLUDE_IN_FRAMEWORK_HEADER = YES;
				CLANG_WARN_RANGE_LOOP_ANALYSIS = YES;
				CLANG_WARN_STRICT_PROTOTYPES = YES;
				CLANG_WARN_SUSPICIOUS_MOVE = YES;
				CLANG_WARN_UNGUARDED_AVAILABILITY = YES_AGGRESSIVE;
				CLANG_WARN_UNREACHABLE_CODE = YES;
				CLANG_WARN__DUPLICATE_METHOD_MATCH = YES;
				COPY_PHASE_STRIP = NO;
				CURRENT_PROJECT_VERSION = 1;
				DEBUG_INFORMATION_FORMAT = "dwarf-with-dsym";
				ENABLE_NS_ASSERTIONS = NO;
				ENABLE_PREVIEWS = YES;
				ENABLE_STRICT_OBJC_MSGSEND = YES;
				GCC_C_LANGUAGE_STANDARD = gnu11;
				GCC_NO_COMMON_BLOCKS = YES;
				GCC_WARN_64_TO_32_BIT_CONVERSION = YES;
				GCC_WARN_ABOUT_RETURN_TYPE = YES_ERROR;
				GCC_WARN_UNDECLARED_SELECTOR = YES;
				GCC_WARN_UNINITIALIZED_AUTOS = YES_AGGRESSIVE;
				GCC_WARN_UNUSED_FUNCTION = YES;
				GCC_WARN_UNUSED_VARIABLE = YES;
				MACOSX_DEPLOYMENT_TARGET = 12.0;
				MARKETING_VERSION = 1.0;
				MTL_ENABLE_DEBUG_INFO = NO;
				MTL_FAST_MATH = YES;
				PRODUCT_NAME = PhantomKnobDetector;
				SDKROOT = macosx;
				SWIFT_COMPILATION_MODE = wholemodule;
				SWIFT_OPTIMIZATION_LEVEL = "-O";
				SWIFT_VERSION = 5.9;
			};
			name = Release;
		};
		B1A69933B98907E3B84C7FB9 /* Debug */ = {
			isa = XCBuildConfiguration;
			buildSettings = {
				ALWAYS_SEARCH_USER_PATHS = NO;
				CLANG_ANALYZER_NONNULL = YES;
				CLANG_ANALYZER_NUMBER_OBJECT_CONVERSION = YES_AGGRESSIVE;
				CLANG_CXX_LANGUAGE_STANDARD = "gnu++14";
				CLANG_CXX_LIBRARY = "libc++";
				CLANG_ENABLE_MODULES = YES;
				CLANG_ENABLE_OBJC_ARC = YES;
				CLANG_ENABLE_OBJC_WEAK = YES;
				CLANG_WARN_BLOCK_CAPTURE_AUTORELEASING = YES;
				CLANG_WARN_BOOL_CONVERSION = YES;
				CLANG_WARN_COMMA = YES;
				CLANG_WARN_CONSTANT_CONVERSION = YES;
				CLANG_WARN_DEPRECATED_OBJC_IMPLEMENTATIONS = YES;
				CLANG_WARN_DIRECT_OBJC_ISA_USAGE = YES_ERROR;
				CLANG_WARN_DOCUMENTATION_COMMENTS = YES;
				CLANG_WARN_EMPTY_BODY = YES;
				CLANG_WARN_ENUM_CONVERSION = YES;
				CLANG_WARN_INFINITE_RECURSION = YES;
				CLANG_WARN_INT_CONVERSION = YES;
				CLANG_WARN_NON_LITERAL_NULL_CONVERSION = YES;
				CLANG_WARN_OBJC_IMPLICIT_RETAIN_SELF = YES;
				CLANG_WARN_OBJC_LITERAL_CONVERSION = YES;
				CLANG_WARN_OBJC_ROOT_CLASS = YES_ERROR;
				CLANG_WARN_QUOTED_INCLUDE_IN_FRAMEWORK_HEADER = YES;
				CLANG_WARN_RANGE_LOOP_ANALYSIS = YES;
				CLANG_WARN_STRICT_PROTOTYPES = YES;
				CLANG_WARN_SUSPICIOUS_MOVE = YES;
				CLANG_WARN_UNGUARDED_AVAILABILITY = YES_AGGRESSIVE;
				CLANG_WARN_UNREACHABLE_CODE = YES;
				CLANG_WARN__DUPLICATE_METHOD_MATCH = YES;
				COPY_PHASE_STRIP = NO;
				CURRENT_PROJECT_VERSION = 1;
				DEBUG_INFORMATION_FORMAT = dwarf;
				ENABLE_PREVIEWS = YES;
				ENABLE_STRICT_OBJC_MSGSEND = YES;
				ENABLE_TESTABILITY = YES;
				GCC_C_LANGUAGE_STANDARD = gnu11;
				GCC_DYNAMIC_NO_PIC = NO;
				GCC_NO_COMMON_BLOCKS = YES;
				GCC_OPTIMIZATION_LEVEL = 0;
				GCC_PREPROCESSOR_DEFINITIONS = (
					"$(inherited)",
					"DEBUG=1",
				);
				GCC_WARN_64_TO_32_BIT_CONVERSION = YES;
				GCC_WARN_ABOUT_RETURN_TYPE = YES_ERROR;
				GCC_WARN_UNDECLARED_SELECTOR = YES;
				GCC_WARN_UNINITIALIZED_AUTOS = YES_AGGRESSIVE;
				GCC_WARN_UNUSED_FUNCTION = YES;
				GCC_WARN_UNUSED_VARIABLE = YES;
				MACOSX_DEPLOYMENT_TARGET = 12.0;
				MARKETING_VERSION = 1.0;
				MTL_ENABLE_DEBUG_INFO = INCLUDE_SOURCE;
				MTL_FAST_MATH = YES;
				ONLY_ACTIVE_ARCH = YES;
				PRODUCT_NAME = PhantomKnobDetector;
				SDKROOT = macosx;
				SWIFT_ACTIVE_COMPILATION_CONDITIONS = DEBUG;
				SWIFT_OPTIMIZATION_LEVEL = "-Onone";
				SWIFT_VERSION = 5.9;
			};
			name = Debug;
		};
		EEC319294699651D64CABB60 /* Release */ = {
			isa = XCBuildConfiguration;
			buildSettings = {
				ASSETCATALOG_COMPILER_APPICON_NAME = AppIcon;
				CODE_SIGN_ENTITLEMENTS = PhantomKnobDetector.entitlements;
				CODE_SIGN_STYLE = Automatic;
				COMBINE_HIDPI_IMAGES = YES;
				ENABLE_HARDENED_RUNTIME = YES;
				INFOPLIST_FILE = Info.plist;
				LD_RUNPATH_SEARCH_PATHS = (
					"$(inherited)",
					"@executable_path/../Frameworks",
				);
				PRODUCT_BUNDLE_IDENTIFIER = com.phantomknob.PhantomKnobDetector;
				SDKROOT = macosx;
			};
			name = Release;
		};
		FE6A1CCEA5163B70B1563162 /* Debug */ = {
			isa = XCBuildConfiguration;
			buildSettings = {
				BUILD_LIBRARY_FOR_DISTRIBUTION = NO;
				BUNDLE_LOADER = "$(TEST_HOST)";
				CODE_SIGN_STYLE = Automatic;
				COMBINE_HIDPI_IMAGES = YES;
				GENERATE_INFOPLIST_FILE = YES;
				LD_RUNPATH_SEARCH_PATHS = (
					"$(inherited)",
					"@executable_path/../Frameworks",
					"@loader_path/../Frameworks",
				);
				PRODUCT_BUNDLE_IDENTIFIER = com.phantomknob.PhantomKnobDetectorTests;
				PRODUCT_NAME = PhantomKnobDetectorTests;
				SDKROOT = macosx;
				TEST_HOST = "$(BUILT_PRODUCTS_DIR)/PhantomKnobDetector.app/Contents/MacOS/PhantomKnobDetector";
			};
			name = Debug;
		};
/* End XCBuildConfiguration section */

/* Begin XCConfigurationList section */
		048FCCA3AF17FE34B453A41C /* Build configuration list for PBXProject "PhantomKnobDetector" */ = {
			isa = XCConfigurationList;
			buildConfigurations = (
				B1A69933B98907E3B84C7FB9 /* Debug */,
				6300DEF30ACF5BC6D7563F7B /* Release */,
			);
			defaultConfigurationIsVisible = 0;
			defaultConfigurationName = Debug;
		};
		3B449771964BAB789D37CB55 /* Build configuration list for PBXNativeTarget "PhantomKnobDetectorTests" */ = {
			isa = XCConfigurationList;
			buildConfigurations = (
				FE6A1CCEA5163B70B1563162 /* Debug */,
				2FDE9E4DA15262FCBDC24DA1 /* Release */,
			);
			defaultConfigurationIsVisible = 0;
			defaultConfigurationName = Debug;
		};
		7D1953523395A53498E24B37 /* Build configuration list for PBXNativeTarget "PhantomKnobDetector" */ = {
			isa = XCConfigurationList;
			buildConfigurations = (
				13AD7E3D871F640ED5BD92A9 /* Debug */,
				EEC319294699651D64CABB60 /* Release */,
			);
			defaultConfigurationIsVisible = 0;
			defaultConfigurationName = Debug;
		};
/* End XCConfigurationList section */
	};
	rootObject = F9D549A64AAE54E3F2213EB2 /* Project object */;
}
